
Microsoft Visual Studio Solution File, Format Version 12.00
# Visual Studio Version 16
VisualStudioVersion = 16.0.30804.86
MinimumVisualStudioVersion = 10.0.40219.1
Project("{2150E333-8FDC-42A3-9474-1A3956D46DE8}") = "CodeBlog", "CodeBlog", "{D757F136-44FF-42B6-8C26-57B22C9AE764}"
EndProject
Project("{9A19103F-16F7-4668-BE54-9A1E7A4F7556}") = "5_Self_Array", "src\CodeBlog\5_Self_Array\5_Self_Array.csproj", "{142B5DCC-F90C-4E95-ADB5-7CD9ACD6B96C}"
EndProject
Project("{9A19103F-16F7-4668-BE54-9A1E7A4F7556}") = "8_Self_OOP_Principles", "src\CodeBlog\8_Self_OOP_Principles\8_Self_OOP_Principles.csproj", "{8391FEB7-CB40-4D76-A925-50018A7DA45E}"
EndProject
Project("{9A19103F-16F7-4668-BE54-9A1E7A4F7556}") = "9_Class-Constr-Prop", "src\CodeBlog\9_Class-Constr-Prop\9_Class-Constr-Prop.csproj", "{1F48EE25-A62C-4FF5-A2B3-F84062D8575C}"
EndProject
Project("{9A19103F-16F7-4668-BE54-9A1E7A4F7556}") = "9_Self_Property", "src\CodeBlog\9_Self_Property\9_Self_Property.csproj", "{AF2A751D-CB0B-4FD3-AD6E-C7CDD164BE48}"
EndProject
Project("{9A19103F-16F7-4668-BE54-9A1E7A4F7556}") = "10_Self_Methods", "src\CodeBlog\10_Self_Methods\10_Self_Methods.csproj", "{65AF619F-481F-4E5D-AFE2-3B0A1D16DC62}"
EndProject
Project("{9A19103F-16F7-4668-BE54-9A1E7A4F7556}") = "10R_Self_methods", "src\CodeBlog\10R_Self_methods\10R_Self_methods.csproj", "{1044D741-2632-4037-926F-BA86499D625A}"
EndProject
Project("{9A19103F-16F7-4668-BE54-9A1E7A4F7556}") = "11_Self_Operator overload", "src\CodeBlog\11_Self_Operator overload\11_Self_Operator overload.csproj", "{6132BFA6-2B72-41F7-9EE9-C9666BF10658}"
EndProject
Project("{9A19103F-16F7-4668-BE54-9A1E7A4F7556}") = "11R_Self_Operators overload", "src\CodeBlog\11R_Self_Operators overload\11R_Self_Operators overload.csproj", "{C04F0EC1-1E08-4EE0-A36C-250236EE2BE9}"
EndProject
Project("{9A19103F-16F7-4668-BE54-9A1E7A4F7556}") = "12,5_Self_IEnumerable", "src\CodeBlog\12,5_Self_IEnumerable\12,5_Self_IEnumerable.csproj", "{EFCA2F1B-F535-42C7-BC76-3DE6FAFA78AE}"
EndProject
Project("{9A19103F-16F7-4668-BE54-9A1E7A4F7556}") = "12_Self_Generic", "src\CodeBlog\12_Self_Generic\12_Self_Generic.csproj", "{A5901C9A-D58F-44C9-AC8D-D6585825E638}"
EndProject
Project("{9A19103F-16F7-4668-BE54-9A1E7A4F7556}") = "16_Self_Streams", "src\CodeBlog\16_Self_Streams\16_Self_Streams.csproj", "{94B60570-5A3E-4DD7-A342-94716CC58DEC}"
EndProject
Project("{9A19103F-16F7-4668-BE54-9A1E7A4F7556}") = "17_Self_Asunc,Await, Thread", "src\CodeBlog\17_Self_Asunc,Await, Thread\17_Self_Asunc,Await, Thread.csproj", "{DB27B518-7EB0-44C3-A691-FCEE93598F9D}"
EndProject
Project("{2150E333-8FDC-42A3-9474-1A3956D46DE8}") = "CourseHunter", "CourseHunter", "{6766D886-DCD7-467B-BA2F-61EA8937F288}"
EndProject
Project("{9A19103F-16F7-4668-BE54-9A1E7A4F7556}") = "CourseHunter_16_BaseAPIstring", "src\CourseHunter\CourseHunter_16_BaseAPIstring\CourseHunter_16_BaseAPIstring.csproj", "{B07CBD4F-3DC7-4D38-B7EF-B5A31CEF9D43}"
EndProject
Project("{9A19103F-16F7-4668-BE54-9A1E7A4F7556}") = "CourseHunter_19_StringBulder", "src\CourseHunter\CourseHunter_19_StringBulder\CourseHunter_19_StringBulder.csproj", "{47A09FAD-2230-464D-98A3-DFBCEBDBABF7}"
EndProject
Project("{9A19103F-16F7-4668-BE54-9A1E7A4F7556}") = "CourseHunter_20_StringFormatting", "src\CourseHunter\CourseHunter_20_StringFormatting\CourseHunter_20_StringFormatting.csproj", "{1B0D0FD8-28B7-4279-B219-D504FCB5EC7A}"
EndProject
Project("{9A19103F-16F7-4668-BE54-9A1E7A4F7556}") = "CourseHunter_21_StringComparison", "src\CourseHunter\CourseHunter_21_StringComparison\CourseHunter_21_StringComparison.csproj", "{2883EA02-94CF-4105-88E5-650CDDE4CF29}"
EndProject
Project("{9A19103F-16F7-4668-BE54-9A1E7A4F7556}") = "CourseHunter_23_Сasting", "src\CourseHunter\CourseHunter_23_Parsing\CourseHunter_23_Сasting.csproj", "{6A8BB318-D7D2-41E0-AD26-2604C6A26D14}"
EndProject
Project("{9A19103F-16F7-4668-BE54-9A1E7A4F7556}") = "CourseHunter_25_Math", "src\CourseHunter\CourseHunter_25_Math\CourseHunter_25_Math.csproj", "{CD58BFEE-AEC1-45D0-8E17-68D503985131}"
EndProject
Project("{9A19103F-16F7-4668-BE54-9A1E7A4F7556}") = "CourseHunter_26_Array", "src\CourseHunter\CourseHunter_26_Array\CourseHunter_26_Array.csproj", "{EC005E9F-9D1F-4D0E-9937-59C76466CE97}"
EndProject
Project("{9A19103F-16F7-4668-BE54-9A1E7A4F7556}") = "CourseHunter_27_DataTime", "src\CourseHunter\CourseHunter_27_DataTime\CourseHunter_27_DataTime.csproj", "{8BF83562-834F-4CE4-A44A-357E3A5F3404}"
EndProject
Project("{9A19103F-16F7-4668-BE54-9A1E7A4F7556}") = "CourseHunter_29_Self_Euclid'sAlgorithm", "src\CourseHunter\CourseHunter_29_Self_Euclid'sAlgorithm\CourseHunter_29_Self_Euclid'sAlgorithm.csproj", "{395BE407-8FC9-4D35-B9B9-37F13759AC66}"
EndProject
Project("{9A19103F-16F7-4668-BE54-9A1E7A4F7556}") = "CourseHunter_29_Self_FormulaHerona", "src\CourseHunter\CourseHunter_29_Self_FormulaHerona\CourseHunter_29_Self_FormulaHerona.csproj", "{61323E62-BD91-4A09-94C9-56CA0AC9A466}"
EndProject
Project("{9A19103F-16F7-4668-BE54-9A1E7A4F7556}") = "CourseHunter_33_ForForeach_Easy", "src\CourseHunter\CourseHunter_32_ForForeach\CourseHunter_33_ForForeach_Easy.csproj", "{BD8F99EF-5C86-47F1-B17A-C826325F4C5A}"
EndProject
Project("{9A19103F-16F7-4668-BE54-9A1E7A4F7556}") = "CourseHunter_39_Self_FormilaFibonacci", "src\CourseHunter\CourseHunter_32_Self_FormilaFebonachi\CourseHunter_39_Self_FormilaFibonacci.csproj", "{6B9EDE2D-9BC2-4335-9618-1FA9E80100B7}"
EndProject
Project("{9A19103F-16F7-4668-BE54-9A1E7A4F7556}") = "CourseHunter_31_Сonditional_Expressions", "src\CourseHunter\CourseHunter_31_Сonditional_Expressions\CourseHunter_31_Сonditional_Expressions.csproj", "{3F11AE98-8119-45AC-89B7-CB3EAD6739D5}"
EndProject
Project("{9A19103F-16F7-4668-BE54-9A1E7A4F7556}") = "CourseHunter_32_Self_MaxValue", "src\CourseHunter\CourseHunter_32_Self_MaxValue\CourseHunter_32_Self_MaxValue.csproj", "{10EA7FDD-B805-48A0-93B9-33DF4F33E9E6}"
EndProject
Project("{9A19103F-16F7-4668-BE54-9A1E7A4F7556}") = "CourseHunter_34_ForForeach_Nested", "src\CourseHunter\CourseHunter_34_ForForeach_(nested)\CourseHunter_34_ForForeach_Nested.csproj", "{DC8D4E69-E563-4807-B080-5E13483ECFCC}"
EndProject
Project("{9A19103F-16F7-4668-BE54-9A1E7A4F7556}") = "CourseHunter_35_CyclesWhileDo", "src\CourseHunter\CourseHunter_35_CyclesWhileDo\CourseHunter_35_CyclesWhileDo.csproj", "{9E3D548D-322E-495E-BCF5-74CB6F39264C}"
EndProject
Project("{9A19103F-16F7-4668-BE54-9A1E7A4F7556}") = "CourseHunter_36_BreakContinue", "src\CourseHunter\CourseHunter_36_BreakContinue\CourseHunter_36_BreakContinue.csproj", "{C9908A80-87A9-4C8E-B67C-980C67929DF3}"
EndProject
Project("{9A19103F-16F7-4668-BE54-9A1E7A4F7556}") = "CourseHunter_37_SwitchCase", "src\CourseHunter\CourseHunter_37_SwitchCase\CourseHunter_37_SwitchCase.csproj", "{569457E9-98A7-4D51-831B-3EFDC8B3B810}"
EndProject
Project("{9A19103F-16F7-4668-BE54-9A1E7A4F7556}") = "CourseHunter_38_DebagMettigMethod", "src\CourseHunter\CourseHunter_38_DebagMettigMethod\CourseHunter_38_DebagMettigMethod.csproj", "{951637E7-292A-4769-BAA9-ABA51D9944E8}"
EndProject
Project("{9A19103F-16F7-4668-BE54-9A1E7A4F7556}") = "CourseHunter_44_CollectionList", "src\CourseHunter\CourseHunter_38_DebagMettigMethodCourseHunter_44_CollectionList\CourseHunter_44_CollectionList.csproj", "{E3D904FE-C031-4A30-BBE0-17383FFF58A0}"
EndProject
Project("{9A19103F-16F7-4668-BE54-9A1E7A4F7556}") = "CourseHunter_42_Self_Password", "src\CourseHunter\CourseHunter_42_Self_Password\CourseHunter_42_Self_Password.csproj", "{25C88D2A-DD67-4604-B612-5B8D04365B0A}"
EndProject
Project("{9A19103F-16F7-4668-BE54-9A1E7A4F7556}") = "CourseHunter_43_ArraysUnderHhood", "src\CourseHunter\CourseHunter_43_Arrays\CourseHunter_43_ArraysUnderHhood.csproj", "{ACAE4C10-1502-42D7-886A-47333B9E4852}"
EndProject
Project("{9A19103F-16F7-4668-BE54-9A1E7A4F7556}") = "CourseHunter_45_Dictionary", "src\CourseHunter\CourseHunter_45_Dictionary\CourseHunter_45_Dictionary.csproj", "{646C3109-C8E9-469F-B2DF-578C46C50CC6}"
EndProject
Project("{9A19103F-16F7-4668-BE54-9A1E7A4F7556}") = "CourseHunter_46_StackAndQueue", "src\CourseHunter\CourseHunter_46_DictionaryAndQueue\CourseHunter_46_StackAndQueue.csproj", "{A67B643E-5012-423F-BF4E-1BF24E312B0C}"
EndProject
Project("{9A19103F-16F7-4668-BE54-9A1E7A4F7556}") = "CourseHunter_47_MultidimensionalANDjaggetArrays", "src\CourseHunter\CourseHunter_47_MultidimensionalArrays\CourseHunter_47_MultidimensionalANDjaggetArrays.csproj", "{9517DA7D-7A36-4370-8DEA-6CCC8B32D1B3}"
EndProject
Project("{9A19103F-16F7-4668-BE54-9A1E7A4F7556}") = "CourseHunter_50_Self_ParsingRomanNumber", "src\CourseHunter\CourseHunter_50_Self_ParsingRomanNumber\CourseHunter_50_Self_ParsingRomanNumber.csproj", "{A45D2C85-9011-4E07-B415-1C201BBBB326}"
EndProject
Project("{9A19103F-16F7-4668-BE54-9A1E7A4F7556}") = "CourseHunter_51_Classes", "src\CourseHunter\CourseHunter_51_Classes\CourseHunter_51_Classes.csproj", "{54ED9692-91CB-4054-BD18-E918C23DFD09}"
EndProject
Project("{9A19103F-16F7-4668-BE54-9A1E7A4F7556}") = "CourseHunter_58_Params", "src\CourseHunter\CourseHunter_58_Params\CourseHunter_58_Params.csproj", "{FE5FA853-D2AE-4CE4-8C69-A9556144A754}"
EndProject
Project("{9A19103F-16F7-4668-BE54-9A1E7A4F7556}") = "CourseHunter_59_NamedArguments", "src\CourseHunter\CourseHunter_59_NamedArguments\CourseHunter_59_NamedArguments.csproj", "{8F922254-0C65-451B-AAD5-F4F2FD3155DF}"
EndProject
Project("{9A19103F-16F7-4668-BE54-9A1E7A4F7556}") = "CourseHunter_60_Output_outParams", "src\CourseHunter\CourseHunter_60_Output_outParams\CourseHunter_60_Output_outParams.csproj", "{DFF13036-E917-43CB-AEEF-E3A55B6D96B2}"
EndProject
Project("{9A19103F-16F7-4668-BE54-9A1E7A4F7556}") = "CourseHunter_61_Static", "src\CourseHunter\CourseHunter_61_Static\CourseHunter_61_Static.csproj", "{1B2B14CD-BD33-4A9C-B6E7-64818ACF5134}"
EndProject
Project("{9A19103F-16F7-4668-BE54-9A1E7A4F7556}") = "CourseHunter_62_OptionalsParametrs", "src\CourseHunter\CourseHunter_62_OptionalsParametrs\CourseHunter_62_OptionalsParametrs.csproj", "{D41F9893-CA68-41B7-BB10-69251703B255}"
EndProject
Global
	GlobalSection(SolutionConfigurationPlatforms) = preSolution
		Debug|Any CPU = Debug|Any CPU
		Release|Any CPU = Release|Any CPU
	EndGlobalSection
	GlobalSection(ProjectConfigurationPlatforms) = postSolution
		{142B5DCC-F90C-4E95-ADB5-7CD9ACD6B96C}.Debug|Any CPU.ActiveCfg = Debug|Any CPU
		{142B5DCC-F90C-4E95-ADB5-7CD9ACD6B96C}.Debug|Any CPU.Build.0 = Debug|Any CPU
		{142B5DCC-F90C-4E95-ADB5-7CD9ACD6B96C}.Release|Any CPU.ActiveCfg = Release|Any CPU
		{142B5DCC-F90C-4E95-ADB5-7CD9ACD6B96C}.Release|Any CPU.Build.0 = Release|Any CPU
		{8391FEB7-CB40-4D76-A925-50018A7DA45E}.Debug|Any CPU.ActiveCfg = Debug|Any CPU
		{8391FEB7-CB40-4D76-A925-50018A7DA45E}.Debug|Any CPU.Build.0 = Debug|Any CPU
		{8391FEB7-CB40-4D76-A925-50018A7DA45E}.Release|Any CPU.ActiveCfg = Release|Any CPU
		{8391FEB7-CB40-4D76-A925-50018A7DA45E}.Release|Any CPU.Build.0 = Release|Any CPU
		{1F48EE25-A62C-4FF5-A2B3-F84062D8575C}.Debug|Any CPU.ActiveCfg = Debug|Any CPU
		{1F48EE25-A62C-4FF5-A2B3-F84062D8575C}.Debug|Any CPU.Build.0 = Debug|Any CPU
		{1F48EE25-A62C-4FF5-A2B3-F84062D8575C}.Release|Any CPU.ActiveCfg = Release|Any CPU
		{1F48EE25-A62C-4FF5-A2B3-F84062D8575C}.Release|Any CPU.Build.0 = Release|Any CPU
		{AF2A751D-CB0B-4FD3-AD6E-C7CDD164BE48}.Debug|Any CPU.ActiveCfg = Debug|Any CPU
		{AF2A751D-CB0B-4FD3-AD6E-C7CDD164BE48}.Debug|Any CPU.Build.0 = Debug|Any CPU
		{AF2A751D-CB0B-4FD3-AD6E-C7CDD164BE48}.Release|Any CPU.ActiveCfg = Release|Any CPU
		{AF2A751D-CB0B-4FD3-AD6E-C7CDD164BE48}.Release|Any CPU.Build.0 = Release|Any CPU
		{65AF619F-481F-4E5D-AFE2-3B0A1D16DC62}.Debug|Any CPU.ActiveCfg = Debug|Any CPU
		{65AF619F-481F-4E5D-AFE2-3B0A1D16DC62}.Debug|Any CPU.Build.0 = Debug|Any CPU
		{65AF619F-481F-4E5D-AFE2-3B0A1D16DC62}.Release|Any CPU.ActiveCfg = Release|Any CPU
		{65AF619F-481F-4E5D-AFE2-3B0A1D16DC62}.Release|Any CPU.Build.0 = Release|Any CPU
		{1044D741-2632-4037-926F-BA86499D625A}.Debug|Any CPU.ActiveCfg = Debug|Any CPU
		{1044D741-2632-4037-926F-BA86499D625A}.Debug|Any CPU.Build.0 = Debug|Any CPU
		{1044D741-2632-4037-926F-BA86499D625A}.Release|Any CPU.ActiveCfg = Release|Any CPU
		{1044D741-2632-4037-926F-BA86499D625A}.Release|Any CPU.Build.0 = Release|Any CPU
		{6132BFA6-2B72-41F7-9EE9-C9666BF10658}.Debug|Any CPU.ActiveCfg = Debug|Any CPU
		{6132BFA6-2B72-41F7-9EE9-C9666BF10658}.Debug|Any CPU.Build.0 = Debug|Any CPU
		{6132BFA6-2B72-41F7-9EE9-C9666BF10658}.Release|Any CPU.ActiveCfg = Release|Any CPU
		{6132BFA6-2B72-41F7-9EE9-C9666BF10658}.Release|Any CPU.Build.0 = Release|Any CPU
		{C04F0EC1-1E08-4EE0-A36C-250236EE2BE9}.Debug|Any CPU.ActiveCfg = Debug|Any CPU
		{C04F0EC1-1E08-4EE0-A36C-250236EE2BE9}.Debug|Any CPU.Build.0 = Debug|Any CPU
		{C04F0EC1-1E08-4EE0-A36C-250236EE2BE9}.Release|Any CPU.ActiveCfg = Release|Any CPU
		{C04F0EC1-1E08-4EE0-A36C-250236EE2BE9}.Release|Any CPU.Build.0 = Release|Any CPU
		{EFCA2F1B-F535-42C7-BC76-3DE6FAFA78AE}.Debug|Any CPU.ActiveCfg = Debug|Any CPU
		{EFCA2F1B-F535-42C7-BC76-3DE6FAFA78AE}.Debug|Any CPU.Build.0 = Debug|Any CPU
		{EFCA2F1B-F535-42C7-BC76-3DE6FAFA78AE}.Release|Any CPU.ActiveCfg = Release|Any CPU
		{EFCA2F1B-F535-42C7-BC76-3DE6FAFA78AE}.Release|Any CPU.Build.0 = Release|Any CPU
		{A5901C9A-D58F-44C9-AC8D-D6585825E638}.Debug|Any CPU.ActiveCfg = Debug|Any CPU
		{A5901C9A-D58F-44C9-AC8D-D6585825E638}.Debug|Any CPU.Build.0 = Debug|Any CPU
		{A5901C9A-D58F-44C9-AC8D-D6585825E638}.Release|Any CPU.ActiveCfg = Release|Any CPU
		{A5901C9A-D58F-44C9-AC8D-D6585825E638}.Release|Any CPU.Build.0 = Release|Any CPU
		{94B60570-5A3E-4DD7-A342-94716CC58DEC}.Debug|Any CPU.ActiveCfg = Debug|Any CPU
		{94B60570-5A3E-4DD7-A342-94716CC58DEC}.Debug|Any CPU.Build.0 = Debug|Any CPU
		{94B60570-5A3E-4DD7-A342-94716CC58DEC}.Release|Any CPU.ActiveCfg = Release|Any CPU
		{94B60570-5A3E-4DD7-A342-94716CC58DEC}.Release|Any CPU.Build.0 = Release|Any CPU
		{DB27B518-7EB0-44C3-A691-FCEE93598F9D}.Debug|Any CPU.ActiveCfg = Debug|Any CPU
		{DB27B518-7EB0-44C3-A691-FCEE93598F9D}.Debug|Any CPU.Build.0 = Debug|Any CPU
		{DB27B518-7EB0-44C3-A691-FCEE93598F9D}.Release|Any CPU.ActiveCfg = Release|Any CPU
		{DB27B518-7EB0-44C3-A691-FCEE93598F9D}.Release|Any CPU.Build.0 = Release|Any CPU
		{B07CBD4F-3DC7-4D38-B7EF-B5A31CEF9D43}.Debug|Any CPU.ActiveCfg = Debug|Any CPU
		{B07CBD4F-3DC7-4D38-B7EF-B5A31CEF9D43}.Debug|Any CPU.Build.0 = Debug|Any CPU
		{B07CBD4F-3DC7-4D38-B7EF-B5A31CEF9D43}.Release|Any CPU.ActiveCfg = Release|Any CPU
		{B07CBD4F-3DC7-4D38-B7EF-B5A31CEF9D43}.Release|Any CPU.Build.0 = Release|Any CPU
		{47A09FAD-2230-464D-98A3-DFBCEBDBABF7}.Debug|Any CPU.ActiveCfg = Debug|Any CPU
		{47A09FAD-2230-464D-98A3-DFBCEBDBABF7}.Debug|Any CPU.Build.0 = Debug|Any CPU
		{47A09FAD-2230-464D-98A3-DFBCEBDBABF7}.Release|Any CPU.ActiveCfg = Release|Any CPU
		{47A09FAD-2230-464D-98A3-DFBCEBDBABF7}.Release|Any CPU.Build.0 = Release|Any CPU
		{1B0D0FD8-28B7-4279-B219-D504FCB5EC7A}.Debug|Any CPU.ActiveCfg = Debug|Any CPU
		{1B0D0FD8-28B7-4279-B219-D504FCB5EC7A}.Debug|Any CPU.Build.0 = Debug|Any CPU
		{1B0D0FD8-28B7-4279-B219-D504FCB5EC7A}.Release|Any CPU.ActiveCfg = Release|Any CPU
		{1B0D0FD8-28B7-4279-B219-D504FCB5EC7A}.Release|Any CPU.Build.0 = Release|Any CPU
		{2883EA02-94CF-4105-88E5-650CDDE4CF29}.Debug|Any CPU.ActiveCfg = Debug|Any CPU
		{2883EA02-94CF-4105-88E5-650CDDE4CF29}.Debug|Any CPU.Build.0 = Debug|Any CPU
		{2883EA02-94CF-4105-88E5-650CDDE4CF29}.Release|Any CPU.ActiveCfg = Release|Any CPU
		{2883EA02-94CF-4105-88E5-650CDDE4CF29}.Release|Any CPU.Build.0 = Release|Any CPU
		{6A8BB318-D7D2-41E0-AD26-2604C6A26D14}.Debug|Any CPU.ActiveCfg = Debug|Any CPU
		{6A8BB318-D7D2-41E0-AD26-2604C6A26D14}.Debug|Any CPU.Build.0 = Debug|Any CPU
		{6A8BB318-D7D2-41E0-AD26-2604C6A26D14}.Release|Any CPU.ActiveCfg = Release|Any CPU
		{6A8BB318-D7D2-41E0-AD26-2604C6A26D14}.Release|Any CPU.Build.0 = Release|Any CPU
		{CD58BFEE-AEC1-45D0-8E17-68D503985131}.Debug|Any CPU.ActiveCfg = Debug|Any CPU
		{CD58BFEE-AEC1-45D0-8E17-68D503985131}.Debug|Any CPU.Build.0 = Debug|Any CPU
		{CD58BFEE-AEC1-45D0-8E17-68D503985131}.Release|Any CPU.ActiveCfg = Release|Any CPU
		{CD58BFEE-AEC1-45D0-8E17-68D503985131}.Release|Any CPU.Build.0 = Release|Any CPU
		{EC005E9F-9D1F-4D0E-9937-59C76466CE97}.Debug|Any CPU.ActiveCfg = Debug|Any CPU
		{EC005E9F-9D1F-4D0E-9937-59C76466CE97}.Debug|Any CPU.Build.0 = Debug|Any CPU
		{EC005E9F-9D1F-4D0E-9937-59C76466CE97}.Release|Any CPU.ActiveCfg = Release|Any CPU
		{EC005E9F-9D1F-4D0E-9937-59C76466CE97}.Release|Any CPU.Build.0 = Release|Any CPU
		{8BF83562-834F-4CE4-A44A-357E3A5F3404}.Debug|Any CPU.ActiveCfg = Debug|Any CPU
		{8BF83562-834F-4CE4-A44A-357E3A5F3404}.Debug|Any CPU.Build.0 = Debug|Any CPU
		{8BF83562-834F-4CE4-A44A-357E3A5F3404}.Release|Any CPU.ActiveCfg = Release|Any CPU
		{8BF83562-834F-4CE4-A44A-357E3A5F3404}.Release|Any CPU.Build.0 = Release|Any CPU
		{395BE407-8FC9-4D35-B9B9-37F13759AC66}.Debug|Any CPU.ActiveCfg = Debug|Any CPU
		{395BE407-8FC9-4D35-B9B9-37F13759AC66}.Debug|Any CPU.Build.0 = Debug|Any CPU
		{395BE407-8FC9-4D35-B9B9-37F13759AC66}.Release|Any CPU.ActiveCfg = Release|Any CPU
		{395BE407-8FC9-4D35-B9B9-37F13759AC66}.Release|Any CPU.Build.0 = Release|Any CPU
		{61323E62-BD91-4A09-94C9-56CA0AC9A466}.Debug|Any CPU.ActiveCfg = Debug|Any CPU
		{61323E62-BD91-4A09-94C9-56CA0AC9A466}.Debug|Any CPU.Build.0 = Debug|Any CPU
		{61323E62-BD91-4A09-94C9-56CA0AC9A466}.Release|Any CPU.ActiveCfg = Release|Any CPU
		{61323E62-BD91-4A09-94C9-56CA0AC9A466}.Release|Any CPU.Build.0 = Release|Any CPU
		{BD8F99EF-5C86-47F1-B17A-C826325F4C5A}.Debug|Any CPU.ActiveCfg = Debug|Any CPU
		{BD8F99EF-5C86-47F1-B17A-C826325F4C5A}.Debug|Any CPU.Build.0 = Debug|Any CPU
		{BD8F99EF-5C86-47F1-B17A-C826325F4C5A}.Release|Any CPU.ActiveCfg = Release|Any CPU
		{BD8F99EF-5C86-47F1-B17A-C826325F4C5A}.Release|Any CPU.Build.0 = Release|Any CPU
		{6B9EDE2D-9BC2-4335-9618-1FA9E80100B7}.Debug|Any CPU.ActiveCfg = Debug|Any CPU
		{6B9EDE2D-9BC2-4335-9618-1FA9E80100B7}.Debug|Any CPU.Build.0 = Debug|Any CPU
		{6B9EDE2D-9BC2-4335-9618-1FA9E80100B7}.Release|Any CPU.ActiveCfg = Release|Any CPU
		{6B9EDE2D-9BC2-4335-9618-1FA9E80100B7}.Release|Any CPU.Build.0 = Release|Any CPU
		{3F11AE98-8119-45AC-89B7-CB3EAD6739D5}.Debug|Any CPU.ActiveCfg = Debug|Any CPU
		{3F11AE98-8119-45AC-89B7-CB3EAD6739D5}.Debug|Any CPU.Build.0 = Debug|Any CPU
		{3F11AE98-8119-45AC-89B7-CB3EAD6739D5}.Release|Any CPU.ActiveCfg = Release|Any CPU
		{3F11AE98-8119-45AC-89B7-CB3EAD6739D5}.Release|Any CPU.Build.0 = Release|Any CPU
		{10EA7FDD-B805-48A0-93B9-33DF4F33E9E6}.Debug|Any CPU.ActiveCfg = Debug|Any CPU
		{10EA7FDD-B805-48A0-93B9-33DF4F33E9E6}.Debug|Any CPU.Build.0 = Debug|Any CPU
		{10EA7FDD-B805-48A0-93B9-33DF4F33E9E6}.Release|Any CPU.ActiveCfg = Release|Any CPU
		{10EA7FDD-B805-48A0-93B9-33DF4F33E9E6}.Release|Any CPU.Build.0 = Release|Any CPU
		{DC8D4E69-E563-4807-B080-5E13483ECFCC}.Debug|Any CPU.ActiveCfg = Debug|Any CPU
		{DC8D4E69-E563-4807-B080-5E13483ECFCC}.Debug|Any CPU.Build.0 = Debug|Any CPU
		{DC8D4E69-E563-4807-B080-5E13483ECFCC}.Release|Any CPU.ActiveCfg = Release|Any CPU
		{DC8D4E69-E563-4807-B080-5E13483ECFCC}.Release|Any CPU.Build.0 = Release|Any CPU
		{9E3D548D-322E-495E-BCF5-74CB6F39264C}.Debug|Any CPU.ActiveCfg = Debug|Any CPU
		{9E3D548D-322E-495E-BCF5-74CB6F39264C}.Debug|Any CPU.Build.0 = Debug|Any CPU
		{9E3D548D-322E-495E-BCF5-74CB6F39264C}.Release|Any CPU.ActiveCfg = Release|Any CPU
		{9E3D548D-322E-495E-BCF5-74CB6F39264C}.Release|Any CPU.Build.0 = Release|Any CPU
		{C9908A80-87A9-4C8E-B67C-980C67929DF3}.Debug|Any CPU.ActiveCfg = Debug|Any CPU
		{C9908A80-87A9-4C8E-B67C-980C67929DF3}.Debug|Any CPU.Build.0 = Debug|Any CPU
		{C9908A80-87A9-4C8E-B67C-980C67929DF3}.Release|Any CPU.ActiveCfg = Release|Any CPU
		{C9908A80-87A9-4C8E-B67C-980C67929DF3}.Release|Any CPU.Build.0 = Release|Any CPU
		{569457E9-98A7-4D51-831B-3EFDC8B3B810}.Debug|Any CPU.ActiveCfg = Debug|Any CPU
		{569457E9-98A7-4D51-831B-3EFDC8B3B810}.Debug|Any CPU.Build.0 = Debug|Any CPU
		{569457E9-98A7-4D51-831B-3EFDC8B3B810}.Release|Any CPU.ActiveCfg = Release|Any CPU
		{569457E9-98A7-4D51-831B-3EFDC8B3B810}.Release|Any CPU.Build.0 = Release|Any CPU
		{951637E7-292A-4769-BAA9-ABA51D9944E8}.Debug|Any CPU.ActiveCfg = Debug|Any CPU
		{951637E7-292A-4769-BAA9-ABA51D9944E8}.Debug|Any CPU.Build.0 = Debug|Any CPU
		{951637E7-292A-4769-BAA9-ABA51D9944E8}.Release|Any CPU.ActiveCfg = Release|Any CPU
		{951637E7-292A-4769-BAA9-ABA51D9944E8}.Release|Any CPU.Build.0 = Release|Any CPU
		{E3D904FE-C031-4A30-BBE0-17383FFF58A0}.Debug|Any CPU.ActiveCfg = Debug|Any CPU
		{E3D904FE-C031-4A30-BBE0-17383FFF58A0}.Debug|Any CPU.Build.0 = Debug|Any CPU
		{E3D904FE-C031-4A30-BBE0-17383FFF58A0}.Release|Any CPU.ActiveCfg = Release|Any CPU
		{E3D904FE-C031-4A30-BBE0-17383FFF58A0}.Release|Any CPU.Build.0 = Release|Any CPU
		{25C88D2A-DD67-4604-B612-5B8D04365B0A}.Debug|Any CPU.ActiveCfg = Debug|Any CPU
		{25C88D2A-DD67-4604-B612-5B8D04365B0A}.Debug|Any CPU.Build.0 = Debug|Any CPU
		{25C88D2A-DD67-4604-B612-5B8D04365B0A}.Release|Any CPU.ActiveCfg = Release|Any CPU
		{25C88D2A-DD67-4604-B612-5B8D04365B0A}.Release|Any CPU.Build.0 = Release|Any CPU
		{ACAE4C10-1502-42D7-886A-47333B9E4852}.Debug|Any CPU.ActiveCfg = Debug|Any CPU
		{ACAE4C10-1502-42D7-886A-47333B9E4852}.Debug|Any CPU.Build.0 = Debug|Any CPU
		{ACAE4C10-1502-42D7-886A-47333B9E4852}.Release|Any CPU.ActiveCfg = Release|Any CPU
		{ACAE4C10-1502-42D7-886A-47333B9E4852}.Release|Any CPU.Build.0 = Release|Any CPU
		{646C3109-C8E9-469F-B2DF-578C46C50CC6}.Debug|Any CPU.ActiveCfg = Debug|Any CPU
		{646C3109-C8E9-469F-B2DF-578C46C50CC6}.Debug|Any CPU.Build.0 = Debug|Any CPU
		{646C3109-C8E9-469F-B2DF-578C46C50CC6}.Release|Any CPU.ActiveCfg = Release|Any CPU
		{646C3109-C8E9-469F-B2DF-578C46C50CC6}.Release|Any CPU.Build.0 = Release|Any CPU
		{A67B643E-5012-423F-BF4E-1BF24E312B0C}.Debug|Any CPU.ActiveCfg = Debug|Any CPU
		{A67B643E-5012-423F-BF4E-1BF24E312B0C}.Debug|Any CPU.Build.0 = Debug|Any CPU
		{A67B643E-5012-423F-BF4E-1BF24E312B0C}.Release|Any CPU.ActiveCfg = Release|Any CPU
		{A67B643E-5012-423F-BF4E-1BF24E312B0C}.Release|Any CPU.Build.0 = Release|Any CPU
		{9517DA7D-7A36-4370-8DEA-6CCC8B32D1B3}.Debug|Any CPU.ActiveCfg = Debug|Any CPU
		{9517DA7D-7A36-4370-8DEA-6CCC8B32D1B3}.Debug|Any CPU.Build.0 = Debug|Any CPU
		{9517DA7D-7A36-4370-8DEA-6CCC8B32D1B3}.Release|Any CPU.ActiveCfg = Release|Any CPU
		{9517DA7D-7A36-4370-8DEA-6CCC8B32D1B3}.Release|Any CPU.Build.0 = Release|Any CPU
		{A45D2C85-9011-4E07-B415-1C201BBBB326}.Debug|Any CPU.ActiveCfg = Debug|Any CPU
		{A45D2C85-9011-4E07-B415-1C201BBBB326}.Debug|Any CPU.Build.0 = Debug|Any CPU
		{A45D2C85-9011-4E07-B415-1C201BBBB326}.Release|Any CPU.ActiveCfg = Release|Any CPU
		{A45D2C85-9011-4E07-B415-1C201BBBB326}.Release|Any CPU.Build.0 = Release|Any CPU
		{54ED9692-91CB-4054-BD18-E918C23DFD09}.Debug|Any CPU.ActiveCfg = Debug|Any CPU
		{54ED9692-91CB-4054-BD18-E918C23DFD09}.Debug|Any CPU.Build.0 = Debug|Any CPU
		{54ED9692-91CB-4054-BD18-E918C23DFD09}.Release|Any CPU.ActiveCfg = Release|Any CPU
		{54ED9692-91CB-4054-BD18-E918C23DFD09}.Release|Any CPU.Build.0 = Release|Any CPU
		{FE5FA853-D2AE-4CE4-8C69-A9556144A754}.Debug|Any CPU.ActiveCfg = Debug|Any CPU
		{FE5FA853-D2AE-4CE4-8C69-A9556144A754}.Debug|Any CPU.Build.0 = Debug|Any CPU
		{FE5FA853-D2AE-4CE4-8C69-A9556144A754}.Release|Any CPU.ActiveCfg = Release|Any CPU
		{FE5FA853-D2AE-4CE4-8C69-A9556144A754}.Release|Any CPU.Build.0 = Release|Any CPU
		{8F922254-0C65-451B-AAD5-F4F2FD3155DF}.Debug|Any CPU.ActiveCfg = Debug|Any CPU
		{8F922254-0C65-451B-AAD5-F4F2FD3155DF}.Debug|Any CPU.Build.0 = Debug|Any CPU
		{8F922254-0C65-451B-AAD5-F4F2FD3155DF}.Release|Any CPU.ActiveCfg = Release|Any CPU
		{8F922254-0C65-451B-AAD5-F4F2FD3155DF}.Release|Any CPU.Build.0 = Release|Any CPU
		{DFF13036-E917-43CB-AEEF-E3A55B6D96B2}.Debug|Any CPU.ActiveCfg = Debug|Any CPU
		{DFF13036-E917-43CB-AEEF-E3A55B6D96B2}.Debug|Any CPU.Build.0 = Debug|Any CPU
		{DFF13036-E917-43CB-AEEF-E3A55B6D96B2}.Release|Any CPU.ActiveCfg = Release|Any CPU
		{DFF13036-E917-43CB-AEEF-E3A55B6D96B2}.Release|Any CPU.Build.0 = Release|Any CPU
		{1B2B14CD-BD33-4A9C-B6E7-64818ACF5134}.Debug|Any CPU.ActiveCfg = Debug|Any CPU
		{1B2B14CD-BD33-4A9C-B6E7-64818ACF5134}.Debug|Any CPU.Build.0 = Debug|Any CPU
		{1B2B14CD-BD33-4A9C-B6E7-64818ACF5134}.Release|Any CPU.ActiveCfg = Release|Any CPU
		{1B2B14CD-BD33-4A9C-B6E7-64818ACF5134}.Release|Any CPU.Build.0 = Release|Any CPU
		{D41F9893-CA68-41B7-BB10-69251703B255}.Debug|Any CPU.ActiveCfg = Debug|Any CPU
		{D41F9893-CA68-41B7-BB10-69251703B255}.Debug|Any CPU.Build.0 = Debug|Any CPU
		{D41F9893-CA68-41B7-BB10-69251703B255}.Release|Any CPU.ActiveCfg = Release|Any CPU
		{D41F9893-CA68-41B7-BB10-69251703B255}.Release|Any CPU.Build.0 = Release|Any CPU
	EndGlobalSection
	GlobalSection(SolutionProperties) = preSolution
		HideSolutionNode = FALSE
	EndGlobalSection
	GlobalSection(NestedProjects) = preSolution
		{142B5DCC-F90C-4E95-ADB5-7CD9ACD6B96C} = {D757F136-44FF-42B6-8C26-57B22C9AE764}
		{8391FEB7-CB40-4D76-A925-50018A7DA45E} = {D757F136-44FF-42B6-8C26-57B22C9AE764}
		{1F48EE25-A62C-4FF5-A2B3-F84062D8575C} = {D757F136-44FF-42B6-8C26-57B22C9AE764}
		{AF2A751D-CB0B-4FD3-AD6E-C7CDD164BE48} = {D757F136-44FF-42B6-8C26-57B22C9AE764}
		{65AF619F-481F-4E5D-AFE2-3B0A1D16DC62} = {D757F136-44FF-42B6-8C26-57B22C9AE764}
		{1044D741-2632-4037-926F-BA86499D625A} = {D757F136-44FF-42B6-8C26-57B22C9AE764}
		{6132BFA6-2B72-41F7-9EE9-C9666BF10658} = {D757F136-44FF-42B6-8C26-57B22C9AE764}
		{C04F0EC1-1E08-4EE0-A36C-250236EE2BE9} = {D757F136-44FF-42B6-8C26-57B22C9AE764}
		{EFCA2F1B-F535-42C7-BC76-3DE6FAFA78AE} = {D757F136-44FF-42B6-8C26-57B22C9AE764}
		{A5901C9A-D58F-44C9-AC8D-D6585825E638} = {D757F136-44FF-42B6-8C26-57B22C9AE764}
		{94B60570-5A3E-4DD7-A342-94716CC58DEC} = {D757F136-44FF-42B6-8C26-57B22C9AE764}
		{DB27B518-7EB0-44C3-A691-FCEE93598F9D} = {D757F136-44FF-42B6-8C26-57B22C9AE764}
		{B07CBD4F-3DC7-4D38-B7EF-B5A31CEF9D43} = {6766D886-DCD7-467B-BA2F-61EA8937F288}
		{47A09FAD-2230-464D-98A3-DFBCEBDBABF7} = {6766D886-DCD7-467B-BA2F-61EA8937F288}
		{1B0D0FD8-28B7-4279-B219-D504FCB5EC7A} = {6766D886-DCD7-467B-BA2F-61EA8937F288}
		{2883EA02-94CF-4105-88E5-650CDDE4CF29} = {6766D886-DCD7-467B-BA2F-61EA8937F288}
		{6A8BB318-D7D2-41E0-AD26-2604C6A26D14} = {6766D886-DCD7-467B-BA2F-61EA8937F288}
		{CD58BFEE-AEC1-45D0-8E17-68D503985131} = {6766D886-DCD7-467B-BA2F-61EA8937F288}
		{EC005E9F-9D1F-4D0E-9937-59C76466CE97} = {6766D886-DCD7-467B-BA2F-61EA8937F288}
		{8BF83562-834F-4CE4-A44A-357E3A5F3404} = {6766D886-DCD7-467B-BA2F-61EA8937F288}
		{395BE407-8FC9-4D35-B9B9-37F13759AC66} = {6766D886-DCD7-467B-BA2F-61EA8937F288}
		{61323E62-BD91-4A09-94C9-56CA0AC9A466} = {6766D886-DCD7-467B-BA2F-61EA8937F288}
		{BD8F99EF-5C86-47F1-B17A-C826325F4C5A} = {6766D886-DCD7-467B-BA2F-61EA8937F288}
		{6B9EDE2D-9BC2-4335-9618-1FA9E80100B7} = {6766D886-DCD7-467B-BA2F-61EA8937F288}
		{3F11AE98-8119-45AC-89B7-CB3EAD6739D5} = {6766D886-DCD7-467B-BA2F-61EA8937F288}
		{10EA7FDD-B805-48A0-93B9-33DF4F33E9E6} = {6766D886-DCD7-467B-BA2F-61EA8937F288}
		{DC8D4E69-E563-4807-B080-5E13483ECFCC} = {6766D886-DCD7-467B-BA2F-61EA8937F288}
		{9E3D548D-322E-495E-BCF5-74CB6F39264C} = {6766D886-DCD7-467B-BA2F-61EA8937F288}
		{C9908A80-87A9-4C8E-B67C-980C67929DF3} = {6766D886-DCD7-467B-BA2F-61EA8937F288}
		{569457E9-98A7-4D51-831B-3EFDC8B3B810} = {6766D886-DCD7-467B-BA2F-61EA8937F288}
		{951637E7-292A-4769-BAA9-ABA51D9944E8} = {6766D886-DCD7-467B-BA2F-61EA8937F288}
		{E3D904FE-C031-4A30-BBE0-17383FFF58A0} = {6766D886-DCD7-467B-BA2F-61EA8937F288}
		{25C88D2A-DD67-4604-B612-5B8D04365B0A} = {6766D886-DCD7-467B-BA2F-61EA8937F288}
		{ACAE4C10-1502-42D7-886A-47333B9E4852} = {6766D886-DCD7-467B-BA2F-61EA8937F288}
		{646C3109-C8E9-469F-B2DF-578C46C50CC6} = {6766D886-DCD7-467B-BA2F-61EA8937F288}
		{A67B643E-5012-423F-BF4E-1BF24E312B0C} = {6766D886-DCD7-467B-BA2F-61EA8937F288}
		{9517DA7D-7A36-4370-8DEA-6CCC8B32D1B3} = {6766D886-DCD7-467B-BA2F-61EA8937F288}
		{A45D2C85-9011-4E07-B415-1C201BBBB326} = {6766D886-DCD7-467B-BA2F-61EA8937F288}
		{54ED9692-91CB-4054-BD18-E918C23DFD09} = {6766D886-DCD7-467B-BA2F-61EA8937F288}
		{FE5FA853-D2AE-4CE4-8C69-A9556144A754} = {6766D886-DCD7-467B-BA2F-61EA8937F288}
		{8F922254-0C65-451B-AAD5-F4F2FD3155DF} = {6766D886-DCD7-467B-BA2F-61EA8937F288}
		{DFF13036-E917-43CB-AEEF-E3A55B6D96B2} = {6766D886-DCD7-467B-BA2F-61EA8937F288}
		{1B2B14CD-BD33-4A9C-B6E7-64818ACF5134} = {6766D886-DCD7-467B-BA2F-61EA8937F288}
		{D41F9893-CA68-41B7-BB10-69251703B255} = {6766D886-DCD7-467B-BA2F-61EA8937F288}
	EndGlobalSection
	GlobalSection(ExtensibilityGlobals) = postSolution
		SolutionGuid = {0E9113EE-47FB-4003-98D6-28D3DE7C9817}
	EndGlobalSection
EndGlobal
