
Microsoft Visual Studio Solution File, Format Version 12.00
# Visual Studio Version 16
VisualStudioVersion = 16.0.30804.86
MinimumVisualStudioVersion = 10.0.40219.1
Project("{9A19103F-16F7-4668-BE54-9A1E7A4F7556}") = "8_Self_OOP_Principles", "src\8_Self_OOP_Principles\8_Self_OOP_Principles.csproj", "{932D53CC-D058-406A-9C45-3D3D1E764099}"
EndProject
Project("{9A19103F-16F7-4668-BE54-9A1E7A4F7556}") = "9_Class-Constr-Prop", "src\9_Class-Constr-Prop\9_Class-Constr-Prop.csproj", "{B6FCF569-F1C9-458D-B0ED-F1D48EBA8055}"
EndProject
Project("{9A19103F-16F7-4668-BE54-9A1E7A4F7556}") = "9_Self_Property", "src\9_Self_Property\9_Self_Property.csproj", "{0229C8BF-13FA-40DF-904D-C3E5BB9BE986}"
EndProject
Project("{9A19103F-16F7-4668-BE54-9A1E7A4F7556}") = "10_Self_Methods", "src\10_Self_Methods\10_Self_Methods.csproj", "{F9F61620-9F7F-44DA-9CB0-63806D9A46E9}"
EndProject
Project("{9A19103F-16F7-4668-BE54-9A1E7A4F7556}") = "11_Self_Operator overload", "src\11_Self_Operator overload\11_Self_Operator overload.csproj", "{9BC9DC3E-D4BD-434F-8D38-B5F11FA02C5D}"
EndProject
Project("{9A19103F-16F7-4668-BE54-9A1E7A4F7556}") = "16_Self_Streams", "src\16_Self_Streams\16_Self_Streams.csproj", "{906A2A8F-9458-49A7-AF1C-4B5158D96C40}"
EndProject
Project("{9A19103F-16F7-4668-BE54-9A1E7A4F7556}") = "17_Self_Asunc,Await, Thread", "src\17_Self_Asunc,Await, Thread\17_Self_Asunc,Await, Thread.csproj", "{8D32FEA9-56EE-41C3-9151-CC4EEC4473A8}"
EndProject
Project("{9A19103F-16F7-4668-BE54-9A1E7A4F7556}") = "10R_Self_methods", "src\10R_Self_methods\10R_Self_methods.csproj", "{8753FF2B-A1B6-451C-B3A6-A83A0157CA73}"
EndProject
Project("{9A19103F-16F7-4668-BE54-9A1E7A4F7556}") = "11R_Self_Operators overload", "src\11R_Self_Operators overload\11R_Self_Operators overload.csproj", "{19BEEA13-97CA-42E8-8A2B-941BDE81FDCB}"
EndProject
Project("{9A19103F-16F7-4668-BE54-9A1E7A4F7556}") = "12_Self_Generic", "src\12_Self_Generic\12_Self_Generic.csproj", "{F342A28F-75B8-46F6-97EA-A144F1860B31}"
EndProject
Project("{9A19103F-16F7-4668-BE54-9A1E7A4F7556}") = "5_Self_Array", "src\5_Self_Array\5_Self_Array.csproj", "{2CFE9359-41F0-46E4-8F2A-C7B70CE8C1E6}"
EndProject
Project("{9A19103F-16F7-4668-BE54-9A1E7A4F7556}") = "12,5_Self_IEnumerable", "src\12,5_Self_IEnumerable\12,5_Self_IEnumerable.csproj", "{28E9BF77-CE0E-4BA0-BD7D-CA54484080C1}"
EndProject
Project("{9A19103F-16F7-4668-BE54-9A1E7A4F7556}") = "CourseHunter_16_BaseAPIstring", "src\CourseHunter_16_BaseAPIstring\CourseHunter_16_BaseAPIstring.csproj", "{EA38254A-A72B-413E-AB5E-4BE838368ABB}"
EndProject
Project("{9A19103F-16F7-4668-BE54-9A1E7A4F7556}") = "CourseHunter_19_StringBulder", "src\CourseHunter_19_StringBulder\CourseHunter_19_StringBulder.csproj", "{FA35A969-4ED9-473B-A838-0C4E09DCC77B}"
EndProject
Project("{9A19103F-16F7-4668-BE54-9A1E7A4F7556}") = "CourseHunter_20_StringFormatting", "src\CourseHunter_20_StringFormatting\CourseHunter_20_StringFormatting.csproj", "{8B0250E9-AC08-499F-B03C-33DD81325D41}"
EndProject
Project("{FAE04EC0-301F-11D3-BF4B-00C04F79EFBC}") = "CourseHunter_21_StringComparison", "src\CourseHunter_21_StringComparison\CourseHunter_21_StringComparison.csproj", "{44DA038E-2D65-4644-AAAF-C59C7D78FE44}"
EndProject
Project("{2150E333-8FDC-42A3-9474-1A3956D46DE8}") = "CobeBlog", "CobeBlog", "{884A9BC1-E8AF-4D83-A3DC-6957811D2CB5}"
EndProject
Project("{2150E333-8FDC-42A3-9474-1A3956D46DE8}") = "CourseHunter_Udemy", "CourseHunter_Udemy", "{B9A59A10-DA68-47FC-9BE6-A52532F4BBC6}"
EndProject
Global
	GlobalSection(SolutionConfigurationPlatforms) = preSolution
		Debug|Any CPU = Debug|Any CPU
		Release|Any CPU = Release|Any CPU
	EndGlobalSection
	GlobalSection(ProjectConfigurationPlatforms) = postSolution
		{932D53CC-D058-406A-9C45-3D3D1E764099}.Debug|Any CPU.ActiveCfg = Debug|Any CPU
		{932D53CC-D058-406A-9C45-3D3D1E764099}.Debug|Any CPU.Build.0 = Debug|Any CPU
		{932D53CC-D058-406A-9C45-3D3D1E764099}.Release|Any CPU.ActiveCfg = Release|Any CPU
		{932D53CC-D058-406A-9C45-3D3D1E764099}.Release|Any CPU.Build.0 = Release|Any CPU
		{B6FCF569-F1C9-458D-B0ED-F1D48EBA8055}.Debug|Any CPU.ActiveCfg = Debug|Any CPU
		{B6FCF569-F1C9-458D-B0ED-F1D48EBA8055}.Debug|Any CPU.Build.0 = Debug|Any CPU
		{B6FCF569-F1C9-458D-B0ED-F1D48EBA8055}.Release|Any CPU.ActiveCfg = Release|Any CPU
		{B6FCF569-F1C9-458D-B0ED-F1D48EBA8055}.Release|Any CPU.Build.0 = Release|Any CPU
		{0229C8BF-13FA-40DF-904D-C3E5BB9BE986}.Debug|Any CPU.ActiveCfg = Debug|Any CPU
		{0229C8BF-13FA-40DF-904D-C3E5BB9BE986}.Debug|Any CPU.Build.0 = Debug|Any CPU
		{0229C8BF-13FA-40DF-904D-C3E5BB9BE986}.Release|Any CPU.ActiveCfg = Release|Any CPU
		{0229C8BF-13FA-40DF-904D-C3E5BB9BE986}.Release|Any CPU.Build.0 = Release|Any CPU
		{F9F61620-9F7F-44DA-9CB0-63806D9A46E9}.Debug|Any CPU.ActiveCfg = Debug|Any CPU
		{F9F61620-9F7F-44DA-9CB0-63806D9A46E9}.Debug|Any CPU.Build.0 = Debug|Any CPU
		{F9F61620-9F7F-44DA-9CB0-63806D9A46E9}.Release|Any CPU.ActiveCfg = Release|Any CPU
		{F9F61620-9F7F-44DA-9CB0-63806D9A46E9}.Release|Any CPU.Build.0 = Release|Any CPU
		{9BC9DC3E-D4BD-434F-8D38-B5F11FA02C5D}.Debug|Any CPU.ActiveCfg = Debug|Any CPU
		{9BC9DC3E-D4BD-434F-8D38-B5F11FA02C5D}.Debug|Any CPU.Build.0 = Debug|Any CPU
		{9BC9DC3E-D4BD-434F-8D38-B5F11FA02C5D}.Release|Any CPU.ActiveCfg = Release|Any CPU
		{9BC9DC3E-D4BD-434F-8D38-B5F11FA02C5D}.Release|Any CPU.Build.0 = Release|Any CPU
		{906A2A8F-9458-49A7-AF1C-4B5158D96C40}.Debug|Any CPU.ActiveCfg = Debug|Any CPU
		{906A2A8F-9458-49A7-AF1C-4B5158D96C40}.Debug|Any CPU.Build.0 = Debug|Any CPU
		{906A2A8F-9458-49A7-AF1C-4B5158D96C40}.Release|Any CPU.ActiveCfg = Release|Any CPU
		{906A2A8F-9458-49A7-AF1C-4B5158D96C40}.Release|Any CPU.Build.0 = Release|Any CPU
		{8D32FEA9-56EE-41C3-9151-CC4EEC4473A8}.Debug|Any CPU.ActiveCfg = Debug|Any CPU
		{8D32FEA9-56EE-41C3-9151-CC4EEC4473A8}.Debug|Any CPU.Build.0 = Debug|Any CPU
		{8D32FEA9-56EE-41C3-9151-CC4EEC4473A8}.Release|Any CPU.ActiveCfg = Release|Any CPU
		{8D32FEA9-56EE-41C3-9151-CC4EEC4473A8}.Release|Any CPU.Build.0 = Release|Any CPU
		{8753FF2B-A1B6-451C-B3A6-A83A0157CA73}.Debug|Any CPU.ActiveCfg = Debug|Any CPU
		{8753FF2B-A1B6-451C-B3A6-A83A0157CA73}.Debug|Any CPU.Build.0 = Debug|Any CPU
		{8753FF2B-A1B6-451C-B3A6-A83A0157CA73}.Release|Any CPU.ActiveCfg = Release|Any CPU
		{8753FF2B-A1B6-451C-B3A6-A83A0157CA73}.Release|Any CPU.Build.0 = Release|Any CPU
		{19BEEA13-97CA-42E8-8A2B-941BDE81FDCB}.Debug|Any CPU.ActiveCfg = Debug|Any CPU
		{19BEEA13-97CA-42E8-8A2B-941BDE81FDCB}.Debug|Any CPU.Build.0 = Debug|Any CPU
		{19BEEA13-97CA-42E8-8A2B-941BDE81FDCB}.Release|Any CPU.ActiveCfg = Release|Any CPU
		{19BEEA13-97CA-42E8-8A2B-941BDE81FDCB}.Release|Any CPU.Build.0 = Release|Any CPU
		{F342A28F-75B8-46F6-97EA-A144F1860B31}.Debug|Any CPU.ActiveCfg = Debug|Any CPU
		{F342A28F-75B8-46F6-97EA-A144F1860B31}.Debug|Any CPU.Build.0 = Debug|Any CPU
		{F342A28F-75B8-46F6-97EA-A144F1860B31}.Release|Any CPU.ActiveCfg = Release|Any CPU
		{F342A28F-75B8-46F6-97EA-A144F1860B31}.Release|Any CPU.Build.0 = Release|Any CPU
		{2CFE9359-41F0-46E4-8F2A-C7B70CE8C1E6}.Debug|Any CPU.ActiveCfg = Debug|Any CPU
		{2CFE9359-41F0-46E4-8F2A-C7B70CE8C1E6}.Debug|Any CPU.Build.0 = Debug|Any CPU
		{2CFE9359-41F0-46E4-8F2A-C7B70CE8C1E6}.Release|Any CPU.ActiveCfg = Release|Any CPU
		{2CFE9359-41F0-46E4-8F2A-C7B70CE8C1E6}.Release|Any CPU.Build.0 = Release|Any CPU
		{28E9BF77-CE0E-4BA0-BD7D-CA54484080C1}.Debug|Any CPU.ActiveCfg = Debug|Any CPU
		{28E9BF77-CE0E-4BA0-BD7D-CA54484080C1}.Debug|Any CPU.Build.0 = Debug|Any CPU
		{28E9BF77-CE0E-4BA0-BD7D-CA54484080C1}.Release|Any CPU.ActiveCfg = Release|Any CPU
		{28E9BF77-CE0E-4BA0-BD7D-CA54484080C1}.Release|Any CPU.Build.0 = Release|Any CPU
		{EA38254A-A72B-413E-AB5E-4BE838368ABB}.Debug|Any CPU.ActiveCfg = Debug|Any CPU
		{EA38254A-A72B-413E-AB5E-4BE838368ABB}.Debug|Any CPU.Build.0 = Debug|Any CPU
		{EA38254A-A72B-413E-AB5E-4BE838368ABB}.Release|Any CPU.ActiveCfg = Release|Any CPU
		{EA38254A-A72B-413E-AB5E-4BE838368ABB}.Release|Any CPU.Build.0 = Release|Any CPU
		{FA35A969-4ED9-473B-A838-0C4E09DCC77B}.Debug|Any CPU.ActiveCfg = Debug|Any CPU
		{FA35A969-4ED9-473B-A838-0C4E09DCC77B}.Debug|Any CPU.Build.0 = Debug|Any CPU
		{FA35A969-4ED9-473B-A838-0C4E09DCC77B}.Release|Any CPU.ActiveCfg = Release|Any CPU
		{FA35A969-4ED9-473B-A838-0C4E09DCC77B}.Release|Any CPU.Build.0 = Release|Any CPU
		{8B0250E9-AC08-499F-B03C-33DD81325D41}.Debug|Any CPU.ActiveCfg = Debug|Any CPU
		{8B0250E9-AC08-499F-B03C-33DD81325D41}.Debug|Any CPU.Build.0 = Debug|Any CPU
		{8B0250E9-AC08-499F-B03C-33DD81325D41}.Release|Any CPU.ActiveCfg = Release|Any CPU
		{8B0250E9-AC08-499F-B03C-33DD81325D41}.Release|Any CPU.Build.0 = Release|Any CPU
		{44DA038E-2D65-4644-AAAF-C59C7D78FE44}.Debug|Any CPU.ActiveCfg = Debug|Any CPU
		{44DA038E-2D65-4644-AAAF-C59C7D78FE44}.Debug|Any CPU.Build.0 = Debug|Any CPU
		{44DA038E-2D65-4644-AAAF-C59C7D78FE44}.Release|Any CPU.ActiveCfg = Release|Any CPU
		{44DA038E-2D65-4644-AAAF-C59C7D78FE44}.Release|Any CPU.Build.0 = Release|Any CPU
	EndGlobalSection
	GlobalSection(SolutionProperties) = preSolution
		HideSolutionNode = FALSE
	EndGlobalSection
	GlobalSection(NestedProjects) = preSolution
		{932D53CC-D058-406A-9C45-3D3D1E764099} = {884A9BC1-E8AF-4D83-A3DC-6957811D2CB5}
		{B6FCF569-F1C9-458D-B0ED-F1D48EBA8055} = {884A9BC1-E8AF-4D83-A3DC-6957811D2CB5}
		{0229C8BF-13FA-40DF-904D-C3E5BB9BE986} = {884A9BC1-E8AF-4D83-A3DC-6957811D2CB5}
		{F9F61620-9F7F-44DA-9CB0-63806D9A46E9} = {884A9BC1-E8AF-4D83-A3DC-6957811D2CB5}
		{9BC9DC3E-D4BD-434F-8D38-B5F11FA02C5D} = {884A9BC1-E8AF-4D83-A3DC-6957811D2CB5}
		{906A2A8F-9458-49A7-AF1C-4B5158D96C40} = {884A9BC1-E8AF-4D83-A3DC-6957811D2CB5}
		{8D32FEA9-56EE-41C3-9151-CC4EEC4473A8} = {884A9BC1-E8AF-4D83-A3DC-6957811D2CB5}
		{8753FF2B-A1B6-451C-B3A6-A83A0157CA73} = {884A9BC1-E8AF-4D83-A3DC-6957811D2CB5}
		{19BEEA13-97CA-42E8-8A2B-941BDE81FDCB} = {884A9BC1-E8AF-4D83-A3DC-6957811D2CB5}
		{F342A28F-75B8-46F6-97EA-A144F1860B31} = {884A9BC1-E8AF-4D83-A3DC-6957811D2CB5}
		{2CFE9359-41F0-46E4-8F2A-C7B70CE8C1E6} = {884A9BC1-E8AF-4D83-A3DC-6957811D2CB5}
		{28E9BF77-CE0E-4BA0-BD7D-CA54484080C1} = {884A9BC1-E8AF-4D83-A3DC-6957811D2CB5}
		{EA38254A-A72B-413E-AB5E-4BE838368ABB} = {B9A59A10-DA68-47FC-9BE6-A52532F4BBC6}
		{FA35A969-4ED9-473B-A838-0C4E09DCC77B} = {B9A59A10-DA68-47FC-9BE6-A52532F4BBC6}
		{8B0250E9-AC08-499F-B03C-33DD81325D41} = {B9A59A10-DA68-47FC-9BE6-A52532F4BBC6}
		{44DA038E-2D65-4644-AAAF-C59C7D78FE44} = {B9A59A10-DA68-47FC-9BE6-A52532F4BBC6}
	EndGlobalSection
	GlobalSection(ExtensibilityGlobals) = postSolution
		SolutionGuid = {0E9113EE-47FB-4003-98D6-28D3DE7C9817}
	EndGlobalSection
EndGlobal
