
Microsoft Visual Studio Solution File, Format Version 12.00
# Visual Studio Version 16
VisualStudioVersion = 16.0.30804.86
MinimumVisualStudioVersion = 10.0.40219.1
Project("{2150E333-8FDC-42A3-9474-1A3956D46DE8}") = "CodeBlog", "CodeBlog", "{D757F136-44FF-42B6-8C26-57B22C9AE764}"
EndProject
Project("{9A19103F-16F7-4668-BE54-9A1E7A4F7556}") = "5_Self_Array", "src\CodeBlog\5_Self_Array\5_Self_Array.csproj", "{142B5DCC-F90C-4E95-ADB5-7CD9ACD6B96C}"
EndProject
Project("{9A19103F-16F7-4668-BE54-9A1E7A4F7556}") = "8_Self_OOP_Principles", "src\CodeBlog\8_Self_OOP_Principles\8_Self_OOP_Principles.csproj", "{8391FEB7-CB40-4D76-A925-50018A7DA45E}"
EndProject
Project("{9A19103F-16F7-4668-BE54-9A1E7A4F7556}") = "9_Class-Constr-Prop", "src\CodeBlog\9_Class-Constr-Prop\9_Class-Constr-Prop.csproj", "{1F48EE25-A62C-4FF5-A2B3-F84062D8575C}"
EndProject
Project("{9A19103F-16F7-4668-BE54-9A1E7A4F7556}") = "9_Self_Property", "src\CodeBlog\9_Self_Property\9_Self_Property.csproj", "{AF2A751D-CB0B-4FD3-AD6E-C7CDD164BE48}"
EndProject
Project("{9A19103F-16F7-4668-BE54-9A1E7A4F7556}") = "10_Self_Methods", "src\CodeBlog\10_Self_Methods\10_Self_Methods.csproj", "{65AF619F-481F-4E5D-AFE2-3B0A1D16DC62}"
EndProject
Project("{9A19103F-16F7-4668-BE54-9A1E7A4F7556}") = "10R_Self_methods", "src\CodeBlog\10R_Self_methods\10R_Self_methods.csproj", "{1044D741-2632-4037-926F-BA86499D625A}"
EndProject
Project("{9A19103F-16F7-4668-BE54-9A1E7A4F7556}") = "11_Self_Operator overload", "src\CodeBlog\11_Self_Operator overload\11_Self_Operator overload.csproj", "{6132BFA6-2B72-41F7-9EE9-C9666BF10658}"
EndProject
Project("{9A19103F-16F7-4668-BE54-9A1E7A4F7556}") = "11R_Self_Operators overload", "src\CodeBlog\11R_Self_Operators overload\11R_Self_Operators overload.csproj", "{C04F0EC1-1E08-4EE0-A36C-250236EE2BE9}"
EndProject
Project("{9A19103F-16F7-4668-BE54-9A1E7A4F7556}") = "12,5_Self_IEnumerable", "src\CodeBlog\12,5_Self_IEnumerable\12,5_Self_IEnumerable.csproj", "{EFCA2F1B-F535-42C7-BC76-3DE6FAFA78AE}"
EndProject
Project("{9A19103F-16F7-4668-BE54-9A1E7A4F7556}") = "12_Self_Generic", "src\CodeBlog\12_Self_Generic\12_Self_Generic.csproj", "{A5901C9A-D58F-44C9-AC8D-D6585825E638}"
EndProject
Project("{9A19103F-16F7-4668-BE54-9A1E7A4F7556}") = "16_Self_Streams", "src\CodeBlog\16_Self_Streams\16_Self_Streams.csproj", "{94B60570-5A3E-4DD7-A342-94716CC58DEC}"
EndProject
Project("{9A19103F-16F7-4668-BE54-9A1E7A4F7556}") = "17_Self_Asunc,Await, Thread", "src\CodeBlog\17_Self_Asunc,Await, Thread\17_Self_Asunc,Await, Thread.csproj", "{DB27B518-7EB0-44C3-A691-FCEE93598F9D}"
EndProject
Project("{2150E333-8FDC-42A3-9474-1A3956D46DE8}") = "CourseHunter", "CourseHunter", "{6766D886-DCD7-467B-BA2F-61EA8937F288}"
EndProject
Project("{9A19103F-16F7-4668-BE54-9A1E7A4F7556}") = "CourseHunter_16_BaseAPIstring", "src\CourseHunter\CourseHunter_16_BaseAPIstring\CourseHunter_16_BaseAPIstring.csproj", "{B07CBD4F-3DC7-4D38-B7EF-B5A31CEF9D43}"
EndProject
Project("{9A19103F-16F7-4668-BE54-9A1E7A4F7556}") = "CourseHunter_19_StringBulder", "src\CourseHunter\CourseHunter_19_StringBulder\CourseHunter_19_StringBulder.csproj", "{47A09FAD-2230-464D-98A3-DFBCEBDBABF7}"
EndProject
Project("{9A19103F-16F7-4668-BE54-9A1E7A4F7556}") = "CourseHunter_20_StringFormatting", "src\CourseHunter\CourseHunter_20_StringFormatting\CourseHunter_20_StringFormatting.csproj", "{1B0D0FD8-28B7-4279-B219-D504FCB5EC7A}"
EndProject
Project("{9A19103F-16F7-4668-BE54-9A1E7A4F7556}") = "CourseHunter_21_StringComparison", "src\CourseHunter\CourseHunter_21_StringComparison\CourseHunter_21_StringComparison.csproj", "{2883EA02-94CF-4105-88E5-650CDDE4CF29}"
EndProject
Project("{9A19103F-16F7-4668-BE54-9A1E7A4F7556}") = "CourseHunter_23_Сasting", "src\CourseHunter\CourseHunter_23_Parsing\CourseHunter_23_Сasting.csproj", "{6A8BB318-D7D2-41E0-AD26-2604C6A26D14}"
EndProject
Project("{9A19103F-16F7-4668-BE54-9A1E7A4F7556}") = "CourseHunter_25_Math", "src\CourseHunter\CourseHunter_25_Math\CourseHunter_25_Math.csproj", "{CD58BFEE-AEC1-45D0-8E17-68D503985131}"
EndProject
Project("{9A19103F-16F7-4668-BE54-9A1E7A4F7556}") = "CourseHunter_26_Array", "src\CourseHunter\CourseHunter_26_Array\CourseHunter_26_Array.csproj", "{EC005E9F-9D1F-4D0E-9937-59C76466CE97}"
EndProject
Project("{9A19103F-16F7-4668-BE54-9A1E7A4F7556}") = "CourseHunter_27_DataTime", "src\CourseHunter\CourseHunter_27_DataTime\CourseHunter_27_DataTime.csproj", "{8BF83562-834F-4CE4-A44A-357E3A5F3404}"
EndProject
Project("{9A19103F-16F7-4668-BE54-9A1E7A4F7556}") = "CourseHunter_29_Self_Euclid'sAlgorithm", "src\CourseHunter\CourseHunter_29_Self_Euclid'sAlgorithm\CourseHunter_29_Self_Euclid'sAlgorithm.csproj", "{395BE407-8FC9-4D35-B9B9-37F13759AC66}"
EndProject
Project("{9A19103F-16F7-4668-BE54-9A1E7A4F7556}") = "CourseHunter_29_Self_FormulaHerona", "src\CourseHunter\CourseHunter_29_Self_FormulaHerona\CourseHunter_29_Self_FormulaHerona.csproj", "{61323E62-BD91-4A09-94C9-56CA0AC9A466}"
EndProject
Project("{9A19103F-16F7-4668-BE54-9A1E7A4F7556}") = "CourseHunter_33_ForForeach_Easy", "src\CourseHunter\CourseHunter_32_ForForeach\CourseHunter_33_ForForeach_Easy.csproj", "{BD8F99EF-5C86-47F1-B17A-C826325F4C5A}"
EndProject
Project("{9A19103F-16F7-4668-BE54-9A1E7A4F7556}") = "CourseHunter_39_Self_FormilaFibonacci", "src\CourseHunter\CourseHunter_32_Self_FormilaFebonachi\CourseHunter_39_Self_FormilaFibonacci.csproj", "{6B9EDE2D-9BC2-4335-9618-1FA9E80100B7}"
EndProject
Project("{9A19103F-16F7-4668-BE54-9A1E7A4F7556}") = "CourseHunter_31_Сonditional_Expressions", "src\CourseHunter\CourseHunter_31_Сonditional_Expressions\CourseHunter_31_Сonditional_Expressions.csproj", "{3F11AE98-8119-45AC-89B7-CB3EAD6739D5}"
EndProject
Project("{9A19103F-16F7-4668-BE54-9A1E7A4F7556}") = "CourseHunter_32_Self_MaxValue", "src\CourseHunter\CourseHunter_32_Self_MaxValue\CourseHunter_32_Self_MaxValue.csproj", "{10EA7FDD-B805-48A0-93B9-33DF4F33E9E6}"
EndProject
Project("{9A19103F-16F7-4668-BE54-9A1E7A4F7556}") = "CourseHunter_34_ForForeach_Nested", "src\CourseHunter\CourseHunter_34_ForForeach_(nested)\CourseHunter_34_ForForeach_Nested.csproj", "{DC8D4E69-E563-4807-B080-5E13483ECFCC}"
EndProject
Project("{9A19103F-16F7-4668-BE54-9A1E7A4F7556}") = "CourseHunter_35_CyclesWhileDo", "src\CourseHunter\CourseHunter_35_CyclesWhileDo\CourseHunter_35_CyclesWhileDo.csproj", "{9E3D548D-322E-495E-BCF5-74CB6F39264C}"
EndProject
Project("{9A19103F-16F7-4668-BE54-9A1E7A4F7556}") = "CourseHunter_36_BreakContinue", "src\CourseHunter\CourseHunter_36_BreakContinue\CourseHunter_36_BreakContinue.csproj", "{C9908A80-87A9-4C8E-B67C-980C67929DF3}"
EndProject
Project("{9A19103F-16F7-4668-BE54-9A1E7A4F7556}") = "CourseHunter_37_SwitchCase", "src\CourseHunter\CourseHunter_37_SwitchCase\CourseHunter_37_SwitchCase.csproj", "{569457E9-98A7-4D51-831B-3EFDC8B3B810}"
EndProject
Project("{9A19103F-16F7-4668-BE54-9A1E7A4F7556}") = "CourseHunter_38_DebagMettigMethod", "src\CourseHunter\CourseHunter_38_DebagMettigMethod\CourseHunter_38_DebagMettigMethod.csproj", "{951637E7-292A-4769-BAA9-ABA51D9944E8}"
EndProject
Project("{9A19103F-16F7-4668-BE54-9A1E7A4F7556}") = "CourseHunter_44_CollectionList", "src\CourseHunter\CourseHunter_38_DebagMettigMethodCourseHunter_44_CollectionList\CourseHunter_44_CollectionList.csproj", "{E3D904FE-C031-4A30-BBE0-17383FFF58A0}"
EndProject
Project("{9A19103F-16F7-4668-BE54-9A1E7A4F7556}") = "CourseHunter_42_Self_Password", "src\CourseHunter\CourseHunter_42_Self_Password\CourseHunter_42_Self_Password.csproj", "{25C88D2A-DD67-4604-B612-5B8D04365B0A}"
EndProject
Project("{9A19103F-16F7-4668-BE54-9A1E7A4F7556}") = "CourseHunter_43_ArraysUnderHhood", "src\CourseHunter\CourseHunter_43_Arrays\CourseHunter_43_ArraysUnderHhood.csproj", "{ACAE4C10-1502-42D7-886A-47333B9E4852}"
EndProject
Project("{9A19103F-16F7-4668-BE54-9A1E7A4F7556}") = "CourseHunter_45_Dictionary", "src\CourseHunter\CourseHunter_45_Dictionary\CourseHunter_45_Dictionary.csproj", "{646C3109-C8E9-469F-B2DF-578C46C50CC6}"
EndProject
Project("{9A19103F-16F7-4668-BE54-9A1E7A4F7556}") = "CourseHunter_46_StackAndQueue", "src\CourseHunter\CourseHunter_46_DictionaryAndQueue\CourseHunter_46_StackAndQueue.csproj", "{A67B643E-5012-423F-BF4E-1BF24E312B0C}"
EndProject
Project("{9A19103F-16F7-4668-BE54-9A1E7A4F7556}") = "CourseHunter_47_MultidimensionalANDjaggetArrays", "src\CourseHunter\CourseHunter_47_MultidimensionalArrays\CourseHunter_47_MultidimensionalANDjaggetArrays.csproj", "{9517DA7D-7A36-4370-8DEA-6CCC8B32D1B3}"
EndProject
Project("{9A19103F-16F7-4668-BE54-9A1E7A4F7556}") = "CourseHunter_50_Self_ParsingRomanNumber", "src\CourseHunter\CourseHunter_50_Self_ParsingRomanNumber\CourseHunter_50_Self_ParsingRomanNumber.csproj", "{A45D2C85-9011-4E07-B415-1C201BBBB326}"
EndProject
Project("{9A19103F-16F7-4668-BE54-9A1E7A4F7556}") = "CourseHunter_51_Classes", "src\CourseHunter\CourseHunter_51_Classes\CourseHunter_51_Classes.csproj", "{54ED9692-91CB-4054-BD18-E918C23DFD09}"
EndProject
Project("{9A19103F-16F7-4668-BE54-9A1E7A4F7556}") = "CourseHunter_58_Params", "src\CourseHunter\CourseHunter_58_Params\CourseHunter_58_Params.csproj", "{FE5FA853-D2AE-4CE4-8C69-A9556144A754}"
EndProject
Project("{9A19103F-16F7-4668-BE54-9A1E7A4F7556}") = "CourseHunter_59_NamedArguments", "src\CourseHunter\CourseHunter_59_NamedArguments\CourseHunter_59_NamedArguments.csproj", "{8F922254-0C65-451B-AAD5-F4F2FD3155DF}"
EndProject
Project("{9A19103F-16F7-4668-BE54-9A1E7A4F7556}") = "CourseHunter_60_Output_outParams", "src\CourseHunter\CourseHunter_60_Output_outParams\CourseHunter_60_Output_outParams.csproj", "{DFF13036-E917-43CB-AEEF-E3A55B6D96B2}"
EndProject
Project("{9A19103F-16F7-4668-BE54-9A1E7A4F7556}") = "CourseHunter_61_Static", "src\CourseHunter\CourseHunter_61_Static\CourseHunter_61_Static.csproj", "{1B2B14CD-BD33-4A9C-B6E7-64818ACF5134}"
EndProject
Project("{9A19103F-16F7-4668-BE54-9A1E7A4F7556}") = "CourseHunter_62_OptionalsParametrs", "src\CourseHunter\CourseHunter_62_OptionalsParametrs\CourseHunter_62_OptionalsParametrs.csproj", "{D41F9893-CA68-41B7-BB10-69251703B255}"
EndProject
Project("{9A19103F-16F7-4668-BE54-9A1E7A4F7556}") = "CourseHunter_63_ValueReferenseTypes", "src\CourseHunter\CourseHunter_63_ValueReferenseTypes\CourseHunter_63_ValueReferenseTypes.csproj", "{F544F174-B2BF-4CBF-B5DC-4ECDA3EE0352}"
EndProject
Project("{9A19103F-16F7-4668-BE54-9A1E7A4F7556}") = "CourseHunter_64_StructureContainRefTypes", "src\CourseHunter\CourseHunter_64_StructureContainRefTypes\CourseHunter_64_StructureContainRefTypes.csproj", "{F3D86FF5-63A1-42A2-88FA-54C6C0830D5E}"
EndProject
Project("{9A19103F-16F7-4668-BE54-9A1E7A4F7556}") = "CourseHunter_66_RefTypesAsArguments", "src\CourseHunter\CourseHunter_66_RefTypesAsArguments\CourseHunter_66_RefTypesAsArguments.csproj", "{D3C8CBCF-0C60-458A-B0A0-B4A462ED4301}"
EndProject
Project("{9A19103F-16F7-4668-BE54-9A1E7A4F7556}") = "CourseHunter_67_NullReferenceExeption", "src\CourseHunter\CourseHunter_67_NullReferenceExeption\CourseHunter_67_NullReferenceExeption.csproj", "{2C45A627-33E3-4986-8B74-D1ADAFA672AF}"
EndProject
Project("{9A19103F-16F7-4668-BE54-9A1E7A4F7556}") = "CourseHunter_68_BoxingUnboxing", "src\CourseHunter\CourseHunter_68_BoxingUnboxing\CourseHunter_68_BoxingUnboxing.csproj", "{5A01B12F-D290-4554-9730-4EA501E081CF}"
EndProject
Project("{9A19103F-16F7-4668-BE54-9A1E7A4F7556}") = "CourseHunter_69_Constructors", "src\CourseHunter\CourseHunter_69_Constructors\CourseHunter_69_Constructors.csproj", "{0743F875-C02A-46DB-8751-1561BE0D5C8A}"
EndProject
Project("{9A19103F-16F7-4668-BE54-9A1E7A4F7556}") = "CourseHunter_70_Inheritance", "src\CourseHunter\CourseHunter_70_Inheritance\CourseHunter_70_Inheritance.csproj", "{4E1CAAB5-8749-4CF3-9A49-C8F624C1ED6D}"
EndProject
Project("{9A19103F-16F7-4668-BE54-9A1E7A4F7556}") = "CourseHunter_71_Polymorphism", "src\CourseHunter\CourseHunter_71_Polymorphism\CourseHunter_71_Polymorphism.csproj", "{00988B5C-A316-44A2-90CC-E1A990E65B6F}"
EndProject
Project("{9A19103F-16F7-4668-BE54-9A1E7A4F7556}") = "CourseHunter_73_Interfaces", "src\CourseHunter\CourseHunter_73_Interfaces\CourseHunter_73_Interfaces.csproj", "{D7544D74-CCC6-43F1-8092-4B7DE863FFD2}"
EndProject
Project("{9A19103F-16F7-4668-BE54-9A1E7A4F7556}") = "CourseHunter_74_MethodExtansions", "src\CourseHunter\CourseHunter_74_MethodExtansions\CourseHunter_74_MethodExtansions.csproj", "{5E11541A-2030-4AE3-943A-B448F328C570}"
EndProject
Project("{9A19103F-16F7-4668-BE54-9A1E7A4F7556}") = "CourseHunter_76_Generation_IS_A_inInheritance", "src\CourseHunter\CourseHunter_76_Generation_IS_A_inInheritance\CourseHunter_76_Generation_IS_A_inInheritance.csproj", "{002531F0-019C-411E-985C-48BD6894C979}"
EndProject
Project("{9A19103F-16F7-4668-BE54-9A1E7A4F7556}") = "CodeBlog_25_AttributeAndReflecsion", "src\CodeBlog\CodeBlog_25_AttributeAndReflecsion\CodeBlog_25_AttributeAndReflecsion.csproj", "{8270E7A9-FD90-47A5-A108-42B45B082F19}"
EndProject
Project("{9A19103F-16F7-4668-BE54-9A1E7A4F7556}") = "CodeBlog_26_Serialize", "src\CodeBlog\CodeBlog_26_Cerrialize\CodeBlog_26_Serialize.csproj", "{E2500CB6-5B06-4D47-92A9-82FBD06DFC87}"
EndProject
Project("{9A19103F-16F7-4668-BE54-9A1E7A4F7556}") = "CourseHunter_77_Enum", "src\CourseHunter\CourseHunter_77_Enumeration\CourseHunter_77_Enum.csproj", "{D3F64F57-0E25-4DFC-BDB0-E429E295FA9D}"
EndProject
Project("{2150E333-8FDC-42A3-9474-1A3956D46DE8}") = "ITVDN", "ITVDN", "{390F69F4-19DA-4F60-876F-7878A11A16BB}"
EndProject
Project("{9A19103F-16F7-4668-BE54-9A1E7A4F7556}") = "ITVDN_Reflections", "src\ITVDN\ITVDN_Reflections\ITVDN_Reflections.csproj", "{74CC2973-AA1E-4635-8266-81550E4B910D}"
EndProject
Project("{2150E333-8FDC-42A3-9474-1A3956D46DE8}") = "SimpleCode", "SimpleCode", "{AA406F20-EB39-4C46-9A58-F4D466BAAF3D}"
EndProject
Project("{9A19103F-16F7-4668-BE54-9A1E7A4F7556}") = "SimpleCode_DLL", "src\SimpleCode\SimpleCode_DLL\SimpleCode_DLL.csproj", "{EDBDE09F-1C8D-4DD5-82AF-E8DFBD88FA56}"
EndProject
Project("{9A19103F-16F7-4668-BE54-9A1E7A4F7556}") = "CourseHunter_78_Self_StackOnObject", "src\CourseHunter\CourseHunter_78_Self_StackOnObject\CourseHunter_78_Self_StackOnObject.csproj", "{713AC89C-38A4-4D93-AC2C-7A2964049C97}"
EndProject
Project("{9A19103F-16F7-4668-BE54-9A1E7A4F7556}") = "CourseHunter_79_Self_StackOnGeneric", "src\CourseHunter\CourseHunter_79_Self_StackOnGeneric\CourseHunter_79_Self_StackOnGeneric.csproj", "{ECAE2099-6FA9-48B2-91EE-FC135B43D483}"
EndProject
Project("{9A19103F-16F7-4668-BE54-9A1E7A4F7556}") = "CourseHunter_80_IEnumerable", "src\CourseHunter\CourseHunter_80_IEnumerable\CourseHunter_80_IEnumerable.csproj", "{7A49D286-70B9-4048-8E9C-3786E5D9C500}"
EndProject
Project("{2150E333-8FDC-42A3-9474-1A3956D46DE8}") = "HackdBytes", "HackdBytes", "{2345168A-DF86-420F-9653-876216E46ABA}"
EndProject
Project("{9A19103F-16F7-4668-BE54-9A1E7A4F7556}") = "ClassDiagram", "src\HackdBytes\ClassDiagram\ClassDiagram.csproj", "{9ECBE11B-9967-451F-B8B8-302002697297}"
EndProject
Project("{9A19103F-16F7-4668-BE54-9A1E7A4F7556}") = "CourseHunter_81_LazyEvaluationYield", "src\CourseHunter\CourseHunter_81_LazyEvaluation&Yield\CourseHunter_81_LazyEvaluationYield.csproj", "{5C59F0FF-6DC7-47DD-8B99-3CD2003AD882}"
EndProject
Project("{9A19103F-16F7-4668-BE54-9A1E7A4F7556}") = "CourseHunter_82_Exception", "src\CourseHunter\CourseHunter_82_Exception\CourseHunter_82_Exception.csproj", "{95B0B27F-6661-45DB-BA7D-B2C330B4DBE4}"
EndProject
Project("{2150E333-8FDC-42A3-9474-1A3956D46DE8}") = "Byte++", "Byte++", "{758EDF42-C484-4E0C-88D2-1B2E63285CD2}"
EndProject
Project("{9A19103F-16F7-4668-BE54-9A1E7A4F7556}") = "Byte2plus_Events_", "src\Byte++\Byte2plus_Events_\Byte2plus_Events_.csproj", "{93152C77-D372-464E-86FF-23003D9839E0}"
EndProject
Project("{9A19103F-16F7-4668-BE54-9A1E7A4F7556}") = "CourseHunter_83_MyselfException", "src\CourseHunter\CourseHunter_83_MyselfException\CourseHunter_83_MyselfException.csproj", "{9DA69968-6FF8-49C1-9177-131B095E4072}"
EndProject
Project("{9A19103F-16F7-4668-BE54-9A1E7A4F7556}") = "CourseHunter_91_Delegate", "src\CourseHunter\CourseHunter_86_Delegate\CourseHunter_91_Delegate.csproj", "{F34BC46C-252B-493B-8CDC-4739D5E2A50A}"
EndProject
Project("{9A19103F-16F7-4668-BE54-9A1E7A4F7556}") = "CourseHunter_92_Events", "src\CourseHunter\CourseHunter_87_Events\CourseHunter_92_Events.csproj", "{2EB34C29-29B6-480C-9ABB-8EFACA33DA9F}"
EndProject
Project("{2150E333-8FDC-42A3-9474-1A3956D46DE8}") = "Metanit", "Metanit", "{7C9F11AC-428F-4727-83AE-7A57B7AAD0DF}"
EndProject
Project("{9A19103F-16F7-4668-BE54-9A1E7A4F7556}") = "Metanit_Finalise_Disposable", "src\Metanit\Metanit_Finalise_Disposable\Metanit_Finalise_Disposable.csproj", "{871A2986-BC10-4F88-B458-6FE84396A850}"
EndProject
Project("{9A19103F-16F7-4668-BE54-9A1E7A4F7556}") = "CourseHunter_87_Self_ComplexNumbers", "src\CourseHunter\CourseHunter_87_ComplexNumbers\CourseHunter_87_Self_ComplexNumbers.csproj", "{FE8D1957-5EAD-4643-B56D-54B4547C6383}"
EndProject
Project("{9A19103F-16F7-4668-BE54-9A1E7A4F7556}") = "CourseHunter_88_Self_GuessNumber", "src\CourseHunter\CourseHunter_88_Self_GuessNumber\CourseHunter_88_Self_GuessNumber.csproj", "{59E0860B-064C-4727-A0A8-44675F2C0A0B}"
EndProject
Project("{9A19103F-16F7-4668-BE54-9A1E7A4F7556}") = "CourseHunter_94_Start_LINQ", "src\CourseHunter\CourseHunter_94_Start_LINQ\CourseHunter_94_Start_LINQ.csproj", "{515E3379-35B5-4418-BF8F-DBD36E84CB75}"
EndProject
Project("{9A19103F-16F7-4668-BE54-9A1E7A4F7556}") = "CourseHunter_95_LINQ_ParsingCSV", "src\CourseHunter\CourseHunter_95_LINQ_ParsingCSV\CourseHunter_95_LINQ_ParsingCSV.csproj", "{8B2F50EF-844F-4594-8702-868904925203}"
EndProject
Project("{9A19103F-16F7-4668-BE54-9A1E7A4F7556}") = "CourseHunter_96_Linq_Problem_Yeald", "src\CourseHunter\CourseHunter_96_Linq_Problem_Yeald\CourseHunter_96_Linq_Problem_Yeald.csproj", "{28B4E91E-CD57-4326-814F-76420B0A2E9F}"
EndProject
Project("{9A19103F-16F7-4668-BE54-9A1E7A4F7556}") = "CourseHunter_97_AnanimouseMethods_SQL-Like", "src\CourseHunter\CourseHunter_97_AnanimouseMethods_SQL-Like\CourseHunter_97_AnanimouseMethods_SQL-Like.csproj", "{BDE305C4-AB2A-4D35-B294-635DE36E8EB9}"
EndProject
Project("{2150E333-8FDC-42A3-9474-1A3956D46DE8}") = "TmsCourses", "TmsCourses", "{A37DAD79-57BC-4205-AD68-390EF9A7B4AC}"
EndProject
Project("{9A19103F-16F7-4668-BE54-9A1E7A4F7556}") = "Tms_18_UnixTests", "src\TmsCourses\Tms_18_UnixTests\Tms_18_UnixTests.csproj", "{5C0671AE-0A5F-49FF-8ECE-52E18CBFDD22}"
EndProject
Project("{9A19103F-16F7-4668-BE54-9A1E7A4F7556}") = "Core", "src\TmsCourses\Core\Core.csproj", "{A1EFDA01-260B-49DE-8188-25BDD56545EA}"
EndProject
Project("{9A19103F-16F7-4668-BE54-9A1E7A4F7556}") = "Core.Tests", "src\TmsCourses\Core.Tests\Core.Tests.csproj", "{890EBD88-A0FD-4BFE-98EC-D6624221B750}"
EndProject
Project("{9A19103F-16F7-4668-BE54-9A1E7A4F7556}") = "CourseHunter_98_ModifyCollectionInForeach", "src\CourseHunter\CourseHunter_97_ModifyCollectionInForeach\CourseHunter_98_ModifyCollectionInForeach.csproj", "{E7831709-82D4-4B25-8404-28BA08F3D70C}"
EndProject
Project("{9A19103F-16F7-4668-BE54-9A1E7A4F7556}") = "CourseHunter_100_Self_BeliveOrNot", "src\CourseHunter\CourseHunter_100_Self_BeliveOrNot\CourseHunter_100_Self_BeliveOrNot.csproj", "{639BC4CC-87B5-4400-94A1-5777DEEF7454}"
EndProject
Project("{9A19103F-16F7-4668-BE54-9A1E7A4F7556}") = "EFcoreCodeFirst", "src\ITVDN\EFcore\EFcoreCodeFirst.csproj", "{DABFF16B-BEBB-4D67-BCF0-167F61456749}"
EndProject
Project("{9A19103F-16F7-4668-BE54-9A1E7A4F7556}") = "EFCoreDataBaseFirst", "src\ITVDN\EFCoreDataBaseFirst\EFCoreDataBaseFirst.csproj", "{FFC4ED31-A340-42A6-BA6B-9B0B6CEC8E3B}"
EndProject
Project("{2150E333-8FDC-42A3-9474-1A3956D46DE8}") = "AsForMe", "AsForMe", "{EA8BB3BB-2126-47D9-A455-5CD6DE180405}"
EndProject
Project("{9A19103F-16F7-4668-BE54-9A1E7A4F7556}") = "AsForMe_DoubleWhereImLinq", "src\AsForMe\AsForMe_DoubleWhereImLinq\AsForMe_DoubleWhereImLinq.csproj", "{B5666001-E16A-4BE0-A15F-00DC70220998}"
EndProject
Project("{9A19103F-16F7-4668-BE54-9A1E7A4F7556}") = "9.5_CLRviaCSharp_Property_Indexators", "src\CodeBlog\9.5_CLRviaCSharp_Property_Indexators\9.5_CLRviaCSharp_Property_Indexators.csproj", "{C8413D07-3CF4-4DDF-90F1-C5715281B72B}"
EndProject
Project("{2150E333-8FDC-42A3-9474-1A3956D46DE8}") = "TopProgrammer", "TopProgrammer", "{357DD255-6CB9-4CA1-B7FD-9DF004C0A7C6}"
EndProject
Project("{9A19103F-16F7-4668-BE54-9A1E7A4F7556}") = "TP_Indexators", "src\TopProgrammer\TP_Indexators\TP_Indexators.csproj", "{4C41DE0E-547B-4BFA-AAA2-E9A886BDE892}"
EndProject
Project("{9A19103F-16F7-4668-BE54-9A1E7A4F7556}") = "CodeBlog_28_GarbageCollector", "src\CodeBlog\CodeBlog_28_GarbageCollector\CodeBlog_28_GarbageCollector.csproj", "{FE9E241F-140A-4B73-8E29-7219E2E61D2B}"
EndProject
Project("{9A19103F-16F7-4668-BE54-9A1E7A4F7556}") = "BaseClass", "src\Byte++\BaseClass\BaseClass.csproj", "{23E6FC73-637D-4E35-903E-030CC974826B}"
EndProject
Project("{9A19103F-16F7-4668-BE54-9A1E7A4F7556}") = "Refactoring.Guru.Command", "src\RefactoringGuru\Refactoring.Guru.Command\Refactoring.Guru.Command.csproj", "{605C545E-A681-4594-B1F5-47E25CDD9CEB}"
EndProject
Project("{2150E333-8FDC-42A3-9474-1A3956D46DE8}") = "RefactoringGuru", "RefactoringGuru", "{154644D5-DD9B-49F0-BD11-ECE7A3876451}"
EndProject
Project("{2150E333-8FDC-42A3-9474-1A3956D46DE8}") = "Hrist", "Hrist", "{6A886B36-E097-4BA4-8702-8B6A101B0158}"
EndProject
Project("{2150E333-8FDC-42A3-9474-1A3956D46DE8}") = "ConfigurationPC", "ConfigurationPC", "{EEA0CEF7-91BF-4D22-BC39-87F2F690BB75}"
EndProject
Project("{9A19103F-16F7-4668-BE54-9A1E7A4F7556}") = "WinFormsApp1", "src\Hrist\ConfigurationPC\WinFormsApp1\WinFormsApp1.csproj", "{DC5BAA5F-A906-4ED8-B3A3-D4F48790C7C0}"
EndProject
Project("{9A19103F-16F7-4668-BE54-9A1E7A4F7556}") = "ConsoleConfigurationPC", "ConsoleConfigurationPC\ConsoleConfigurationPC.csproj", "{57B810CC-C783-4402-9937-3061772E42FC}"
EndProject
Project("{9A19103F-16F7-4668-BE54-9A1E7A4F7556}") = "Metanit_Polymorthism", "src\Metanit\Metanit_Polymorthism\Metanit_Polymorthism.csproj", "{7D76791C-6A73-47DB-89E1-0EF1033CC58C}"
EndProject
Project("{9A19103F-16F7-4668-BE54-9A1E7A4F7556}") = "CodeBlog_22_IndexerYealdIEnurable", "CodeBlog_22_IndexerYealdIEnurable\CodeBlog_22_IndexerYealdIEnurable.csproj", "{FBA88BCA-A40D-4E0B-99AD-1B0BB2284F7C}"
EndProject
Project("{9A19103F-16F7-4668-BE54-9A1E7A4F7556}") = "Metanit_IEnumerable", "src\Metanit\Metanit_IEnumerable\Metanit_IEnumerable.csproj", "{B2BEE8E8-8E97-4D18-A05E-EC1FE66B6B00}"
EndProject
Project("{9A19103F-16F7-4668-BE54-9A1E7A4F7556}") = "ConsoleConfigurationPC", "src\ConsoleConfigurationPC\ConsoleConfigurationPC.csproj", "{646AC37B-2260-4618-BF62-A66A29FB5D7F}"
EndProject
Project("{FAE04EC0-301F-11D3-BF4B-00C04F79EFBC}") = "MySelf_OperatorYield", "src\AsForMe\MySelf_OperatorYield\MySelf_OperatorYield\MySelf_OperatorYield.csproj", "{52D45905-300B-45A5-BED6-E2DF2F84D45F}"
EndProject
Global
	GlobalSection(SolutionConfigurationPlatforms) = preSolution
		Debug|Any CPU = Debug|Any CPU
		Release|Any CPU = Release|Any CPU
	EndGlobalSection
	GlobalSection(ProjectConfigurationPlatforms) = postSolution
		{142B5DCC-F90C-4E95-ADB5-7CD9ACD6B96C}.Debug|Any CPU.ActiveCfg = Debug|Any CPU
		{142B5DCC-F90C-4E95-ADB5-7CD9ACD6B96C}.Debug|Any CPU.Build.0 = Debug|Any CPU
		{142B5DCC-F90C-4E95-ADB5-7CD9ACD6B96C}.Release|Any CPU.ActiveCfg = Release|Any CPU
		{142B5DCC-F90C-4E95-ADB5-7CD9ACD6B96C}.Release|Any CPU.Build.0 = Release|Any CPU
		{8391FEB7-CB40-4D76-A925-50018A7DA45E}.Debug|Any CPU.ActiveCfg = Debug|Any CPU
		{8391FEB7-CB40-4D76-A925-50018A7DA45E}.Debug|Any CPU.Build.0 = Debug|Any CPU
		{8391FEB7-CB40-4D76-A925-50018A7DA45E}.Release|Any CPU.ActiveCfg = Release|Any CPU
		{8391FEB7-CB40-4D76-A925-50018A7DA45E}.Release|Any CPU.Build.0 = Release|Any CPU
		{1F48EE25-A62C-4FF5-A2B3-F84062D8575C}.Debug|Any CPU.ActiveCfg = Debug|Any CPU
		{1F48EE25-A62C-4FF5-A2B3-F84062D8575C}.Debug|Any CPU.Build.0 = Debug|Any CPU
		{1F48EE25-A62C-4FF5-A2B3-F84062D8575C}.Release|Any CPU.ActiveCfg = Release|Any CPU
		{1F48EE25-A62C-4FF5-A2B3-F84062D8575C}.Release|Any CPU.Build.0 = Release|Any CPU
		{AF2A751D-CB0B-4FD3-AD6E-C7CDD164BE48}.Debug|Any CPU.ActiveCfg = Debug|Any CPU
		{AF2A751D-CB0B-4FD3-AD6E-C7CDD164BE48}.Debug|Any CPU.Build.0 = Debug|Any CPU
		{AF2A751D-CB0B-4FD3-AD6E-C7CDD164BE48}.Release|Any CPU.ActiveCfg = Release|Any CPU
		{AF2A751D-CB0B-4FD3-AD6E-C7CDD164BE48}.Release|Any CPU.Build.0 = Release|Any CPU
		{65AF619F-481F-4E5D-AFE2-3B0A1D16DC62}.Debug|Any CPU.ActiveCfg = Debug|Any CPU
		{65AF619F-481F-4E5D-AFE2-3B0A1D16DC62}.Debug|Any CPU.Build.0 = Debug|Any CPU
		{65AF619F-481F-4E5D-AFE2-3B0A1D16DC62}.Release|Any CPU.ActiveCfg = Release|Any CPU
		{65AF619F-481F-4E5D-AFE2-3B0A1D16DC62}.Release|Any CPU.Build.0 = Release|Any CPU
		{1044D741-2632-4037-926F-BA86499D625A}.Debug|Any CPU.ActiveCfg = Debug|Any CPU
		{1044D741-2632-4037-926F-BA86499D625A}.Debug|Any CPU.Build.0 = Debug|Any CPU
		{1044D741-2632-4037-926F-BA86499D625A}.Release|Any CPU.ActiveCfg = Release|Any CPU
		{1044D741-2632-4037-926F-BA86499D625A}.Release|Any CPU.Build.0 = Release|Any CPU
		{6132BFA6-2B72-41F7-9EE9-C9666BF10658}.Debug|Any CPU.ActiveCfg = Debug|Any CPU
		{6132BFA6-2B72-41F7-9EE9-C9666BF10658}.Debug|Any CPU.Build.0 = Debug|Any CPU
		{6132BFA6-2B72-41F7-9EE9-C9666BF10658}.Release|Any CPU.ActiveCfg = Release|Any CPU
		{6132BFA6-2B72-41F7-9EE9-C9666BF10658}.Release|Any CPU.Build.0 = Release|Any CPU
		{C04F0EC1-1E08-4EE0-A36C-250236EE2BE9}.Debug|Any CPU.ActiveCfg = Debug|Any CPU
		{C04F0EC1-1E08-4EE0-A36C-250236EE2BE9}.Debug|Any CPU.Build.0 = Debug|Any CPU
		{C04F0EC1-1E08-4EE0-A36C-250236EE2BE9}.Release|Any CPU.ActiveCfg = Release|Any CPU
		{C04F0EC1-1E08-4EE0-A36C-250236EE2BE9}.Release|Any CPU.Build.0 = Release|Any CPU
		{EFCA2F1B-F535-42C7-BC76-3DE6FAFA78AE}.Debug|Any CPU.ActiveCfg = Debug|Any CPU
		{EFCA2F1B-F535-42C7-BC76-3DE6FAFA78AE}.Debug|Any CPU.Build.0 = Debug|Any CPU
		{EFCA2F1B-F535-42C7-BC76-3DE6FAFA78AE}.Release|Any CPU.ActiveCfg = Release|Any CPU
		{EFCA2F1B-F535-42C7-BC76-3DE6FAFA78AE}.Release|Any CPU.Build.0 = Release|Any CPU
		{A5901C9A-D58F-44C9-AC8D-D6585825E638}.Debug|Any CPU.ActiveCfg = Debug|Any CPU
		{A5901C9A-D58F-44C9-AC8D-D6585825E638}.Debug|Any CPU.Build.0 = Debug|Any CPU
		{A5901C9A-D58F-44C9-AC8D-D6585825E638}.Release|Any CPU.ActiveCfg = Release|Any CPU
		{A5901C9A-D58F-44C9-AC8D-D6585825E638}.Release|Any CPU.Build.0 = Release|Any CPU
		{94B60570-5A3E-4DD7-A342-94716CC58DEC}.Debug|Any CPU.ActiveCfg = Debug|Any CPU
		{94B60570-5A3E-4DD7-A342-94716CC58DEC}.Debug|Any CPU.Build.0 = Debug|Any CPU
		{94B60570-5A3E-4DD7-A342-94716CC58DEC}.Release|Any CPU.ActiveCfg = Release|Any CPU
		{94B60570-5A3E-4DD7-A342-94716CC58DEC}.Release|Any CPU.Build.0 = Release|Any CPU
		{DB27B518-7EB0-44C3-A691-FCEE93598F9D}.Debug|Any CPU.ActiveCfg = Debug|Any CPU
		{DB27B518-7EB0-44C3-A691-FCEE93598F9D}.Debug|Any CPU.Build.0 = Debug|Any CPU
		{DB27B518-7EB0-44C3-A691-FCEE93598F9D}.Release|Any CPU.ActiveCfg = Release|Any CPU
		{DB27B518-7EB0-44C3-A691-FCEE93598F9D}.Release|Any CPU.Build.0 = Release|Any CPU
		{B07CBD4F-3DC7-4D38-B7EF-B5A31CEF9D43}.Debug|Any CPU.ActiveCfg = Debug|Any CPU
		{B07CBD4F-3DC7-4D38-B7EF-B5A31CEF9D43}.Debug|Any CPU.Build.0 = Debug|Any CPU
		{B07CBD4F-3DC7-4D38-B7EF-B5A31CEF9D43}.Release|Any CPU.ActiveCfg = Release|Any CPU
		{B07CBD4F-3DC7-4D38-B7EF-B5A31CEF9D43}.Release|Any CPU.Build.0 = Release|Any CPU
		{47A09FAD-2230-464D-98A3-DFBCEBDBABF7}.Debug|Any CPU.ActiveCfg = Debug|Any CPU
		{47A09FAD-2230-464D-98A3-DFBCEBDBABF7}.Debug|Any CPU.Build.0 = Debug|Any CPU
		{47A09FAD-2230-464D-98A3-DFBCEBDBABF7}.Release|Any CPU.ActiveCfg = Release|Any CPU
		{47A09FAD-2230-464D-98A3-DFBCEBDBABF7}.Release|Any CPU.Build.0 = Release|Any CPU
		{1B0D0FD8-28B7-4279-B219-D504FCB5EC7A}.Debug|Any CPU.ActiveCfg = Debug|Any CPU
		{1B0D0FD8-28B7-4279-B219-D504FCB5EC7A}.Debug|Any CPU.Build.0 = Debug|Any CPU
		{1B0D0FD8-28B7-4279-B219-D504FCB5EC7A}.Release|Any CPU.ActiveCfg = Release|Any CPU
		{1B0D0FD8-28B7-4279-B219-D504FCB5EC7A}.Release|Any CPU.Build.0 = Release|Any CPU
		{2883EA02-94CF-4105-88E5-650CDDE4CF29}.Debug|Any CPU.ActiveCfg = Debug|Any CPU
		{2883EA02-94CF-4105-88E5-650CDDE4CF29}.Debug|Any CPU.Build.0 = Debug|Any CPU
		{2883EA02-94CF-4105-88E5-650CDDE4CF29}.Release|Any CPU.ActiveCfg = Release|Any CPU
		{2883EA02-94CF-4105-88E5-650CDDE4CF29}.Release|Any CPU.Build.0 = Release|Any CPU
		{6A8BB318-D7D2-41E0-AD26-2604C6A26D14}.Debug|Any CPU.ActiveCfg = Debug|Any CPU
		{6A8BB318-D7D2-41E0-AD26-2604C6A26D14}.Debug|Any CPU.Build.0 = Debug|Any CPU
		{6A8BB318-D7D2-41E0-AD26-2604C6A26D14}.Release|Any CPU.ActiveCfg = Release|Any CPU
		{6A8BB318-D7D2-41E0-AD26-2604C6A26D14}.Release|Any CPU.Build.0 = Release|Any CPU
		{CD58BFEE-AEC1-45D0-8E17-68D503985131}.Debug|Any CPU.ActiveCfg = Debug|Any CPU
		{CD58BFEE-AEC1-45D0-8E17-68D503985131}.Debug|Any CPU.Build.0 = Debug|Any CPU
		{CD58BFEE-AEC1-45D0-8E17-68D503985131}.Release|Any CPU.ActiveCfg = Release|Any CPU
		{CD58BFEE-AEC1-45D0-8E17-68D503985131}.Release|Any CPU.Build.0 = Release|Any CPU
		{EC005E9F-9D1F-4D0E-9937-59C76466CE97}.Debug|Any CPU.ActiveCfg = Debug|Any CPU
		{EC005E9F-9D1F-4D0E-9937-59C76466CE97}.Debug|Any CPU.Build.0 = Debug|Any CPU
		{EC005E9F-9D1F-4D0E-9937-59C76466CE97}.Release|Any CPU.ActiveCfg = Release|Any CPU
		{EC005E9F-9D1F-4D0E-9937-59C76466CE97}.Release|Any CPU.Build.0 = Release|Any CPU
		{8BF83562-834F-4CE4-A44A-357E3A5F3404}.Debug|Any CPU.ActiveCfg = Debug|Any CPU
		{8BF83562-834F-4CE4-A44A-357E3A5F3404}.Debug|Any CPU.Build.0 = Debug|Any CPU
		{8BF83562-834F-4CE4-A44A-357E3A5F3404}.Release|Any CPU.ActiveCfg = Release|Any CPU
		{8BF83562-834F-4CE4-A44A-357E3A5F3404}.Release|Any CPU.Build.0 = Release|Any CPU
		{395BE407-8FC9-4D35-B9B9-37F13759AC66}.Debug|Any CPU.ActiveCfg = Debug|Any CPU
		{395BE407-8FC9-4D35-B9B9-37F13759AC66}.Debug|Any CPU.Build.0 = Debug|Any CPU
		{395BE407-8FC9-4D35-B9B9-37F13759AC66}.Release|Any CPU.ActiveCfg = Release|Any CPU
		{395BE407-8FC9-4D35-B9B9-37F13759AC66}.Release|Any CPU.Build.0 = Release|Any CPU
		{61323E62-BD91-4A09-94C9-56CA0AC9A466}.Debug|Any CPU.ActiveCfg = Debug|Any CPU
		{61323E62-BD91-4A09-94C9-56CA0AC9A466}.Debug|Any CPU.Build.0 = Debug|Any CPU
		{61323E62-BD91-4A09-94C9-56CA0AC9A466}.Release|Any CPU.ActiveCfg = Release|Any CPU
		{61323E62-BD91-4A09-94C9-56CA0AC9A466}.Release|Any CPU.Build.0 = Release|Any CPU
		{BD8F99EF-5C86-47F1-B17A-C826325F4C5A}.Debug|Any CPU.ActiveCfg = Debug|Any CPU
		{BD8F99EF-5C86-47F1-B17A-C826325F4C5A}.Debug|Any CPU.Build.0 = Debug|Any CPU
		{BD8F99EF-5C86-47F1-B17A-C826325F4C5A}.Release|Any CPU.ActiveCfg = Release|Any CPU
		{BD8F99EF-5C86-47F1-B17A-C826325F4C5A}.Release|Any CPU.Build.0 = Release|Any CPU
		{6B9EDE2D-9BC2-4335-9618-1FA9E80100B7}.Debug|Any CPU.ActiveCfg = Debug|Any CPU
		{6B9EDE2D-9BC2-4335-9618-1FA9E80100B7}.Debug|Any CPU.Build.0 = Debug|Any CPU
		{6B9EDE2D-9BC2-4335-9618-1FA9E80100B7}.Release|Any CPU.ActiveCfg = Release|Any CPU
		{6B9EDE2D-9BC2-4335-9618-1FA9E80100B7}.Release|Any CPU.Build.0 = Release|Any CPU
		{3F11AE98-8119-45AC-89B7-CB3EAD6739D5}.Debug|Any CPU.ActiveCfg = Debug|Any CPU
		{3F11AE98-8119-45AC-89B7-CB3EAD6739D5}.Debug|Any CPU.Build.0 = Debug|Any CPU
		{3F11AE98-8119-45AC-89B7-CB3EAD6739D5}.Release|Any CPU.ActiveCfg = Release|Any CPU
		{3F11AE98-8119-45AC-89B7-CB3EAD6739D5}.Release|Any CPU.Build.0 = Release|Any CPU
		{10EA7FDD-B805-48A0-93B9-33DF4F33E9E6}.Debug|Any CPU.ActiveCfg = Debug|Any CPU
		{10EA7FDD-B805-48A0-93B9-33DF4F33E9E6}.Debug|Any CPU.Build.0 = Debug|Any CPU
		{10EA7FDD-B805-48A0-93B9-33DF4F33E9E6}.Release|Any CPU.ActiveCfg = Release|Any CPU
		{10EA7FDD-B805-48A0-93B9-33DF4F33E9E6}.Release|Any CPU.Build.0 = Release|Any CPU
		{DC8D4E69-E563-4807-B080-5E13483ECFCC}.Debug|Any CPU.ActiveCfg = Debug|Any CPU
		{DC8D4E69-E563-4807-B080-5E13483ECFCC}.Debug|Any CPU.Build.0 = Debug|Any CPU
		{DC8D4E69-E563-4807-B080-5E13483ECFCC}.Release|Any CPU.ActiveCfg = Release|Any CPU
		{DC8D4E69-E563-4807-B080-5E13483ECFCC}.Release|Any CPU.Build.0 = Release|Any CPU
		{9E3D548D-322E-495E-BCF5-74CB6F39264C}.Debug|Any CPU.ActiveCfg = Debug|Any CPU
		{9E3D548D-322E-495E-BCF5-74CB6F39264C}.Debug|Any CPU.Build.0 = Debug|Any CPU
		{9E3D548D-322E-495E-BCF5-74CB6F39264C}.Release|Any CPU.ActiveCfg = Release|Any CPU
		{9E3D548D-322E-495E-BCF5-74CB6F39264C}.Release|Any CPU.Build.0 = Release|Any CPU
		{C9908A80-87A9-4C8E-B67C-980C67929DF3}.Debug|Any CPU.ActiveCfg = Debug|Any CPU
		{C9908A80-87A9-4C8E-B67C-980C67929DF3}.Debug|Any CPU.Build.0 = Debug|Any CPU
		{C9908A80-87A9-4C8E-B67C-980C67929DF3}.Release|Any CPU.ActiveCfg = Release|Any CPU
		{C9908A80-87A9-4C8E-B67C-980C67929DF3}.Release|Any CPU.Build.0 = Release|Any CPU
		{569457E9-98A7-4D51-831B-3EFDC8B3B810}.Debug|Any CPU.ActiveCfg = Debug|Any CPU
		{569457E9-98A7-4D51-831B-3EFDC8B3B810}.Debug|Any CPU.Build.0 = Debug|Any CPU
		{569457E9-98A7-4D51-831B-3EFDC8B3B810}.Release|Any CPU.ActiveCfg = Release|Any CPU
		{569457E9-98A7-4D51-831B-3EFDC8B3B810}.Release|Any CPU.Build.0 = Release|Any CPU
		{951637E7-292A-4769-BAA9-ABA51D9944E8}.Debug|Any CPU.ActiveCfg = Debug|Any CPU
		{951637E7-292A-4769-BAA9-ABA51D9944E8}.Debug|Any CPU.Build.0 = Debug|Any CPU
		{951637E7-292A-4769-BAA9-ABA51D9944E8}.Release|Any CPU.ActiveCfg = Release|Any CPU
		{951637E7-292A-4769-BAA9-ABA51D9944E8}.Release|Any CPU.Build.0 = Release|Any CPU
		{E3D904FE-C031-4A30-BBE0-17383FFF58A0}.Debug|Any CPU.ActiveCfg = Debug|Any CPU
		{E3D904FE-C031-4A30-BBE0-17383FFF58A0}.Debug|Any CPU.Build.0 = Debug|Any CPU
		{E3D904FE-C031-4A30-BBE0-17383FFF58A0}.Release|Any CPU.ActiveCfg = Release|Any CPU
		{E3D904FE-C031-4A30-BBE0-17383FFF58A0}.Release|Any CPU.Build.0 = Release|Any CPU
		{25C88D2A-DD67-4604-B612-5B8D04365B0A}.Debug|Any CPU.ActiveCfg = Debug|Any CPU
		{25C88D2A-DD67-4604-B612-5B8D04365B0A}.Debug|Any CPU.Build.0 = Debug|Any CPU
		{25C88D2A-DD67-4604-B612-5B8D04365B0A}.Release|Any CPU.ActiveCfg = Release|Any CPU
		{25C88D2A-DD67-4604-B612-5B8D04365B0A}.Release|Any CPU.Build.0 = Release|Any CPU
		{ACAE4C10-1502-42D7-886A-47333B9E4852}.Debug|Any CPU.ActiveCfg = Debug|Any CPU
		{ACAE4C10-1502-42D7-886A-47333B9E4852}.Debug|Any CPU.Build.0 = Debug|Any CPU
		{ACAE4C10-1502-42D7-886A-47333B9E4852}.Release|Any CPU.ActiveCfg = Release|Any CPU
		{ACAE4C10-1502-42D7-886A-47333B9E4852}.Release|Any CPU.Build.0 = Release|Any CPU
		{646C3109-C8E9-469F-B2DF-578C46C50CC6}.Debug|Any CPU.ActiveCfg = Debug|Any CPU
		{646C3109-C8E9-469F-B2DF-578C46C50CC6}.Debug|Any CPU.Build.0 = Debug|Any CPU
		{646C3109-C8E9-469F-B2DF-578C46C50CC6}.Release|Any CPU.ActiveCfg = Release|Any CPU
		{646C3109-C8E9-469F-B2DF-578C46C50CC6}.Release|Any CPU.Build.0 = Release|Any CPU
		{A67B643E-5012-423F-BF4E-1BF24E312B0C}.Debug|Any CPU.ActiveCfg = Debug|Any CPU
		{A67B643E-5012-423F-BF4E-1BF24E312B0C}.Debug|Any CPU.Build.0 = Debug|Any CPU
		{A67B643E-5012-423F-BF4E-1BF24E312B0C}.Release|Any CPU.ActiveCfg = Release|Any CPU
		{A67B643E-5012-423F-BF4E-1BF24E312B0C}.Release|Any CPU.Build.0 = Release|Any CPU
		{9517DA7D-7A36-4370-8DEA-6CCC8B32D1B3}.Debug|Any CPU.ActiveCfg = Debug|Any CPU
		{9517DA7D-7A36-4370-8DEA-6CCC8B32D1B3}.Debug|Any CPU.Build.0 = Debug|Any CPU
		{9517DA7D-7A36-4370-8DEA-6CCC8B32D1B3}.Release|Any CPU.ActiveCfg = Release|Any CPU
		{9517DA7D-7A36-4370-8DEA-6CCC8B32D1B3}.Release|Any CPU.Build.0 = Release|Any CPU
		{A45D2C85-9011-4E07-B415-1C201BBBB326}.Debug|Any CPU.ActiveCfg = Debug|Any CPU
		{A45D2C85-9011-4E07-B415-1C201BBBB326}.Debug|Any CPU.Build.0 = Debug|Any CPU
		{A45D2C85-9011-4E07-B415-1C201BBBB326}.Release|Any CPU.ActiveCfg = Release|Any CPU
		{A45D2C85-9011-4E07-B415-1C201BBBB326}.Release|Any CPU.Build.0 = Release|Any CPU
		{54ED9692-91CB-4054-BD18-E918C23DFD09}.Debug|Any CPU.ActiveCfg = Debug|Any CPU
		{54ED9692-91CB-4054-BD18-E918C23DFD09}.Debug|Any CPU.Build.0 = Debug|Any CPU
		{54ED9692-91CB-4054-BD18-E918C23DFD09}.Release|Any CPU.ActiveCfg = Release|Any CPU
		{54ED9692-91CB-4054-BD18-E918C23DFD09}.Release|Any CPU.Build.0 = Release|Any CPU
		{FE5FA853-D2AE-4CE4-8C69-A9556144A754}.Debug|Any CPU.ActiveCfg = Debug|Any CPU
		{FE5FA853-D2AE-4CE4-8C69-A9556144A754}.Debug|Any CPU.Build.0 = Debug|Any CPU
		{FE5FA853-D2AE-4CE4-8C69-A9556144A754}.Release|Any CPU.ActiveCfg = Release|Any CPU
		{FE5FA853-D2AE-4CE4-8C69-A9556144A754}.Release|Any CPU.Build.0 = Release|Any CPU
		{8F922254-0C65-451B-AAD5-F4F2FD3155DF}.Debug|Any CPU.ActiveCfg = Debug|Any CPU
		{8F922254-0C65-451B-AAD5-F4F2FD3155DF}.Debug|Any CPU.Build.0 = Debug|Any CPU
		{8F922254-0C65-451B-AAD5-F4F2FD3155DF}.Release|Any CPU.ActiveCfg = Release|Any CPU
		{8F922254-0C65-451B-AAD5-F4F2FD3155DF}.Release|Any CPU.Build.0 = Release|Any CPU
		{DFF13036-E917-43CB-AEEF-E3A55B6D96B2}.Debug|Any CPU.ActiveCfg = Debug|Any CPU
		{DFF13036-E917-43CB-AEEF-E3A55B6D96B2}.Debug|Any CPU.Build.0 = Debug|Any CPU
		{DFF13036-E917-43CB-AEEF-E3A55B6D96B2}.Release|Any CPU.ActiveCfg = Release|Any CPU
		{DFF13036-E917-43CB-AEEF-E3A55B6D96B2}.Release|Any CPU.Build.0 = Release|Any CPU
		{1B2B14CD-BD33-4A9C-B6E7-64818ACF5134}.Debug|Any CPU.ActiveCfg = Debug|Any CPU
		{1B2B14CD-BD33-4A9C-B6E7-64818ACF5134}.Debug|Any CPU.Build.0 = Debug|Any CPU
		{1B2B14CD-BD33-4A9C-B6E7-64818ACF5134}.Release|Any CPU.ActiveCfg = Release|Any CPU
		{1B2B14CD-BD33-4A9C-B6E7-64818ACF5134}.Release|Any CPU.Build.0 = Release|Any CPU
		{D41F9893-CA68-41B7-BB10-69251703B255}.Debug|Any CPU.ActiveCfg = Debug|Any CPU
		{D41F9893-CA68-41B7-BB10-69251703B255}.Debug|Any CPU.Build.0 = Debug|Any CPU
		{D41F9893-CA68-41B7-BB10-69251703B255}.Release|Any CPU.ActiveCfg = Release|Any CPU
		{D41F9893-CA68-41B7-BB10-69251703B255}.Release|Any CPU.Build.0 = Release|Any CPU
		{F544F174-B2BF-4CBF-B5DC-4ECDA3EE0352}.Debug|Any CPU.ActiveCfg = Debug|Any CPU
		{F544F174-B2BF-4CBF-B5DC-4ECDA3EE0352}.Debug|Any CPU.Build.0 = Debug|Any CPU
		{F544F174-B2BF-4CBF-B5DC-4ECDA3EE0352}.Release|Any CPU.ActiveCfg = Release|Any CPU
		{F544F174-B2BF-4CBF-B5DC-4ECDA3EE0352}.Release|Any CPU.Build.0 = Release|Any CPU
		{F3D86FF5-63A1-42A2-88FA-54C6C0830D5E}.Debug|Any CPU.ActiveCfg = Debug|Any CPU
		{F3D86FF5-63A1-42A2-88FA-54C6C0830D5E}.Debug|Any CPU.Build.0 = Debug|Any CPU
		{F3D86FF5-63A1-42A2-88FA-54C6C0830D5E}.Release|Any CPU.ActiveCfg = Release|Any CPU
		{F3D86FF5-63A1-42A2-88FA-54C6C0830D5E}.Release|Any CPU.Build.0 = Release|Any CPU
		{D3C8CBCF-0C60-458A-B0A0-B4A462ED4301}.Debug|Any CPU.ActiveCfg = Debug|Any CPU
		{D3C8CBCF-0C60-458A-B0A0-B4A462ED4301}.Debug|Any CPU.Build.0 = Debug|Any CPU
		{D3C8CBCF-0C60-458A-B0A0-B4A462ED4301}.Release|Any CPU.ActiveCfg = Release|Any CPU
		{D3C8CBCF-0C60-458A-B0A0-B4A462ED4301}.Release|Any CPU.Build.0 = Release|Any CPU
		{2C45A627-33E3-4986-8B74-D1ADAFA672AF}.Debug|Any CPU.ActiveCfg = Debug|Any CPU
		{2C45A627-33E3-4986-8B74-D1ADAFA672AF}.Debug|Any CPU.Build.0 = Debug|Any CPU
		{2C45A627-33E3-4986-8B74-D1ADAFA672AF}.Release|Any CPU.ActiveCfg = Release|Any CPU
		{2C45A627-33E3-4986-8B74-D1ADAFA672AF}.Release|Any CPU.Build.0 = Release|Any CPU
		{5A01B12F-D290-4554-9730-4EA501E081CF}.Debug|Any CPU.ActiveCfg = Debug|Any CPU
		{5A01B12F-D290-4554-9730-4EA501E081CF}.Debug|Any CPU.Build.0 = Debug|Any CPU
		{5A01B12F-D290-4554-9730-4EA501E081CF}.Release|Any CPU.ActiveCfg = Release|Any CPU
		{5A01B12F-D290-4554-9730-4EA501E081CF}.Release|Any CPU.Build.0 = Release|Any CPU
		{0743F875-C02A-46DB-8751-1561BE0D5C8A}.Debug|Any CPU.ActiveCfg = Debug|Any CPU
		{0743F875-C02A-46DB-8751-1561BE0D5C8A}.Debug|Any CPU.Build.0 = Debug|Any CPU
		{0743F875-C02A-46DB-8751-1561BE0D5C8A}.Release|Any CPU.ActiveCfg = Release|Any CPU
		{0743F875-C02A-46DB-8751-1561BE0D5C8A}.Release|Any CPU.Build.0 = Release|Any CPU
		{4E1CAAB5-8749-4CF3-9A49-C8F624C1ED6D}.Debug|Any CPU.ActiveCfg = Debug|Any CPU
		{4E1CAAB5-8749-4CF3-9A49-C8F624C1ED6D}.Debug|Any CPU.Build.0 = Debug|Any CPU
		{4E1CAAB5-8749-4CF3-9A49-C8F624C1ED6D}.Release|Any CPU.ActiveCfg = Release|Any CPU
		{4E1CAAB5-8749-4CF3-9A49-C8F624C1ED6D}.Release|Any CPU.Build.0 = Release|Any CPU
		{00988B5C-A316-44A2-90CC-E1A990E65B6F}.Debug|Any CPU.ActiveCfg = Debug|Any CPU
		{00988B5C-A316-44A2-90CC-E1A990E65B6F}.Debug|Any CPU.Build.0 = Debug|Any CPU
		{00988B5C-A316-44A2-90CC-E1A990E65B6F}.Release|Any CPU.ActiveCfg = Release|Any CPU
		{00988B5C-A316-44A2-90CC-E1A990E65B6F}.Release|Any CPU.Build.0 = Release|Any CPU
		{D7544D74-CCC6-43F1-8092-4B7DE863FFD2}.Debug|Any CPU.ActiveCfg = Debug|Any CPU
		{D7544D74-CCC6-43F1-8092-4B7DE863FFD2}.Debug|Any CPU.Build.0 = Debug|Any CPU
		{D7544D74-CCC6-43F1-8092-4B7DE863FFD2}.Release|Any CPU.ActiveCfg = Release|Any CPU
		{D7544D74-CCC6-43F1-8092-4B7DE863FFD2}.Release|Any CPU.Build.0 = Release|Any CPU
		{5E11541A-2030-4AE3-943A-B448F328C570}.Debug|Any CPU.ActiveCfg = Debug|Any CPU
		{5E11541A-2030-4AE3-943A-B448F328C570}.Debug|Any CPU.Build.0 = Debug|Any CPU
		{5E11541A-2030-4AE3-943A-B448F328C570}.Release|Any CPU.ActiveCfg = Release|Any CPU
		{5E11541A-2030-4AE3-943A-B448F328C570}.Release|Any CPU.Build.0 = Release|Any CPU
		{002531F0-019C-411E-985C-48BD6894C979}.Debug|Any CPU.ActiveCfg = Debug|Any CPU
		{002531F0-019C-411E-985C-48BD6894C979}.Debug|Any CPU.Build.0 = Debug|Any CPU
		{002531F0-019C-411E-985C-48BD6894C979}.Release|Any CPU.ActiveCfg = Release|Any CPU
		{002531F0-019C-411E-985C-48BD6894C979}.Release|Any CPU.Build.0 = Release|Any CPU
		{8270E7A9-FD90-47A5-A108-42B45B082F19}.Debug|Any CPU.ActiveCfg = Debug|Any CPU
		{8270E7A9-FD90-47A5-A108-42B45B082F19}.Debug|Any CPU.Build.0 = Debug|Any CPU
		{8270E7A9-FD90-47A5-A108-42B45B082F19}.Release|Any CPU.ActiveCfg = Release|Any CPU
		{8270E7A9-FD90-47A5-A108-42B45B082F19}.Release|Any CPU.Build.0 = Release|Any CPU
		{E2500CB6-5B06-4D47-92A9-82FBD06DFC87}.Debug|Any CPU.ActiveCfg = Debug|Any CPU
		{E2500CB6-5B06-4D47-92A9-82FBD06DFC87}.Debug|Any CPU.Build.0 = Debug|Any CPU
		{E2500CB6-5B06-4D47-92A9-82FBD06DFC87}.Release|Any CPU.ActiveCfg = Release|Any CPU
		{E2500CB6-5B06-4D47-92A9-82FBD06DFC87}.Release|Any CPU.Build.0 = Release|Any CPU
		{D3F64F57-0E25-4DFC-BDB0-E429E295FA9D}.Debug|Any CPU.ActiveCfg = Debug|Any CPU
		{D3F64F57-0E25-4DFC-BDB0-E429E295FA9D}.Debug|Any CPU.Build.0 = Debug|Any CPU
		{D3F64F57-0E25-4DFC-BDB0-E429E295FA9D}.Release|Any CPU.ActiveCfg = Release|Any CPU
		{D3F64F57-0E25-4DFC-BDB0-E429E295FA9D}.Release|Any CPU.Build.0 = Release|Any CPU
		{74CC2973-AA1E-4635-8266-81550E4B910D}.Debug|Any CPU.ActiveCfg = Debug|Any CPU
		{74CC2973-AA1E-4635-8266-81550E4B910D}.Debug|Any CPU.Build.0 = Debug|Any CPU
		{74CC2973-AA1E-4635-8266-81550E4B910D}.Release|Any CPU.ActiveCfg = Release|Any CPU
		{74CC2973-AA1E-4635-8266-81550E4B910D}.Release|Any CPU.Build.0 = Release|Any CPU
		{EDBDE09F-1C8D-4DD5-82AF-E8DFBD88FA56}.Debug|Any CPU.ActiveCfg = Debug|Any CPU
		{EDBDE09F-1C8D-4DD5-82AF-E8DFBD88FA56}.Debug|Any CPU.Build.0 = Debug|Any CPU
		{EDBDE09F-1C8D-4DD5-82AF-E8DFBD88FA56}.Release|Any CPU.ActiveCfg = Release|Any CPU
		{EDBDE09F-1C8D-4DD5-82AF-E8DFBD88FA56}.Release|Any CPU.Build.0 = Release|Any CPU
		{713AC89C-38A4-4D93-AC2C-7A2964049C97}.Debug|Any CPU.ActiveCfg = Debug|Any CPU
		{713AC89C-38A4-4D93-AC2C-7A2964049C97}.Debug|Any CPU.Build.0 = Debug|Any CPU
		{713AC89C-38A4-4D93-AC2C-7A2964049C97}.Release|Any CPU.ActiveCfg = Release|Any CPU
		{713AC89C-38A4-4D93-AC2C-7A2964049C97}.Release|Any CPU.Build.0 = Release|Any CPU
		{ECAE2099-6FA9-48B2-91EE-FC135B43D483}.Debug|Any CPU.ActiveCfg = Debug|Any CPU
		{ECAE2099-6FA9-48B2-91EE-FC135B43D483}.Debug|Any CPU.Build.0 = Debug|Any CPU
		{ECAE2099-6FA9-48B2-91EE-FC135B43D483}.Release|Any CPU.ActiveCfg = Release|Any CPU
		{ECAE2099-6FA9-48B2-91EE-FC135B43D483}.Release|Any CPU.Build.0 = Release|Any CPU
		{7A49D286-70B9-4048-8E9C-3786E5D9C500}.Debug|Any CPU.ActiveCfg = Debug|Any CPU
		{7A49D286-70B9-4048-8E9C-3786E5D9C500}.Debug|Any CPU.Build.0 = Debug|Any CPU
		{7A49D286-70B9-4048-8E9C-3786E5D9C500}.Release|Any CPU.ActiveCfg = Release|Any CPU
		{7A49D286-70B9-4048-8E9C-3786E5D9C500}.Release|Any CPU.Build.0 = Release|Any CPU
		{9ECBE11B-9967-451F-B8B8-302002697297}.Debug|Any CPU.ActiveCfg = Debug|Any CPU
		{9ECBE11B-9967-451F-B8B8-302002697297}.Debug|Any CPU.Build.0 = Debug|Any CPU
		{9ECBE11B-9967-451F-B8B8-302002697297}.Release|Any CPU.ActiveCfg = Release|Any CPU
		{9ECBE11B-9967-451F-B8B8-302002697297}.Release|Any CPU.Build.0 = Release|Any CPU
		{5C59F0FF-6DC7-47DD-8B99-3CD2003AD882}.Debug|Any CPU.ActiveCfg = Debug|Any CPU
		{5C59F0FF-6DC7-47DD-8B99-3CD2003AD882}.Debug|Any CPU.Build.0 = Debug|Any CPU
		{5C59F0FF-6DC7-47DD-8B99-3CD2003AD882}.Release|Any CPU.ActiveCfg = Release|Any CPU
		{5C59F0FF-6DC7-47DD-8B99-3CD2003AD882}.Release|Any CPU.Build.0 = Release|Any CPU
		{95B0B27F-6661-45DB-BA7D-B2C330B4DBE4}.Debug|Any CPU.ActiveCfg = Debug|Any CPU
		{95B0B27F-6661-45DB-BA7D-B2C330B4DBE4}.Debug|Any CPU.Build.0 = Debug|Any CPU
		{95B0B27F-6661-45DB-BA7D-B2C330B4DBE4}.Release|Any CPU.ActiveCfg = Release|Any CPU
		{95B0B27F-6661-45DB-BA7D-B2C330B4DBE4}.Release|Any CPU.Build.0 = Release|Any CPU
		{93152C77-D372-464E-86FF-23003D9839E0}.Debug|Any CPU.ActiveCfg = Debug|Any CPU
		{93152C77-D372-464E-86FF-23003D9839E0}.Debug|Any CPU.Build.0 = Debug|Any CPU
		{93152C77-D372-464E-86FF-23003D9839E0}.Release|Any CPU.ActiveCfg = Release|Any CPU
		{93152C77-D372-464E-86FF-23003D9839E0}.Release|Any CPU.Build.0 = Release|Any CPU
		{9DA69968-6FF8-49C1-9177-131B095E4072}.Debug|Any CPU.ActiveCfg = Debug|Any CPU
		{9DA69968-6FF8-49C1-9177-131B095E4072}.Debug|Any CPU.Build.0 = Debug|Any CPU
		{9DA69968-6FF8-49C1-9177-131B095E4072}.Release|Any CPU.ActiveCfg = Release|Any CPU
		{9DA69968-6FF8-49C1-9177-131B095E4072}.Release|Any CPU.Build.0 = Release|Any CPU
		{F34BC46C-252B-493B-8CDC-4739D5E2A50A}.Debug|Any CPU.ActiveCfg = Debug|Any CPU
		{F34BC46C-252B-493B-8CDC-4739D5E2A50A}.Debug|Any CPU.Build.0 = Debug|Any CPU
		{F34BC46C-252B-493B-8CDC-4739D5E2A50A}.Release|Any CPU.ActiveCfg = Release|Any CPU
		{F34BC46C-252B-493B-8CDC-4739D5E2A50A}.Release|Any CPU.Build.0 = Release|Any CPU
		{2EB34C29-29B6-480C-9ABB-8EFACA33DA9F}.Debug|Any CPU.ActiveCfg = Debug|Any CPU
		{2EB34C29-29B6-480C-9ABB-8EFACA33DA9F}.Debug|Any CPU.Build.0 = Debug|Any CPU
		{2EB34C29-29B6-480C-9ABB-8EFACA33DA9F}.Release|Any CPU.ActiveCfg = Release|Any CPU
		{2EB34C29-29B6-480C-9ABB-8EFACA33DA9F}.Release|Any CPU.Build.0 = Release|Any CPU
		{871A2986-BC10-4F88-B458-6FE84396A850}.Debug|Any CPU.ActiveCfg = Debug|Any CPU
		{871A2986-BC10-4F88-B458-6FE84396A850}.Debug|Any CPU.Build.0 = Debug|Any CPU
		{871A2986-BC10-4F88-B458-6FE84396A850}.Release|Any CPU.ActiveCfg = Release|Any CPU
		{871A2986-BC10-4F88-B458-6FE84396A850}.Release|Any CPU.Build.0 = Release|Any CPU
		{FE8D1957-5EAD-4643-B56D-54B4547C6383}.Debug|Any CPU.ActiveCfg = Debug|Any CPU
		{FE8D1957-5EAD-4643-B56D-54B4547C6383}.Debug|Any CPU.Build.0 = Debug|Any CPU
		{FE8D1957-5EAD-4643-B56D-54B4547C6383}.Release|Any CPU.ActiveCfg = Release|Any CPU
		{FE8D1957-5EAD-4643-B56D-54B4547C6383}.Release|Any CPU.Build.0 = Release|Any CPU
		{59E0860B-064C-4727-A0A8-44675F2C0A0B}.Debug|Any CPU.ActiveCfg = Debug|Any CPU
		{59E0860B-064C-4727-A0A8-44675F2C0A0B}.Debug|Any CPU.Build.0 = Debug|Any CPU
		{59E0860B-064C-4727-A0A8-44675F2C0A0B}.Release|Any CPU.ActiveCfg = Release|Any CPU
		{59E0860B-064C-4727-A0A8-44675F2C0A0B}.Release|Any CPU.Build.0 = Release|Any CPU
		{515E3379-35B5-4418-BF8F-DBD36E84CB75}.Debug|Any CPU.ActiveCfg = Debug|Any CPU
		{515E3379-35B5-4418-BF8F-DBD36E84CB75}.Debug|Any CPU.Build.0 = Debug|Any CPU
		{515E3379-35B5-4418-BF8F-DBD36E84CB75}.Release|Any CPU.ActiveCfg = Release|Any CPU
		{515E3379-35B5-4418-BF8F-DBD36E84CB75}.Release|Any CPU.Build.0 = Release|Any CPU
		{8B2F50EF-844F-4594-8702-868904925203}.Debug|Any CPU.ActiveCfg = Debug|Any CPU
		{8B2F50EF-844F-4594-8702-868904925203}.Debug|Any CPU.Build.0 = Debug|Any CPU
		{8B2F50EF-844F-4594-8702-868904925203}.Release|Any CPU.ActiveCfg = Release|Any CPU
		{8B2F50EF-844F-4594-8702-868904925203}.Release|Any CPU.Build.0 = Release|Any CPU
		{28B4E91E-CD57-4326-814F-76420B0A2E9F}.Debug|Any CPU.ActiveCfg = Debug|Any CPU
		{28B4E91E-CD57-4326-814F-76420B0A2E9F}.Debug|Any CPU.Build.0 = Debug|Any CPU
		{28B4E91E-CD57-4326-814F-76420B0A2E9F}.Release|Any CPU.ActiveCfg = Release|Any CPU
		{28B4E91E-CD57-4326-814F-76420B0A2E9F}.Release|Any CPU.Build.0 = Release|Any CPU
		{BDE305C4-AB2A-4D35-B294-635DE36E8EB9}.Debug|Any CPU.ActiveCfg = Debug|Any CPU
		{BDE305C4-AB2A-4D35-B294-635DE36E8EB9}.Debug|Any CPU.Build.0 = Debug|Any CPU
		{BDE305C4-AB2A-4D35-B294-635DE36E8EB9}.Release|Any CPU.ActiveCfg = Release|Any CPU
		{BDE305C4-AB2A-4D35-B294-635DE36E8EB9}.Release|Any CPU.Build.0 = Release|Any CPU
		{5C0671AE-0A5F-49FF-8ECE-52E18CBFDD22}.Debug|Any CPU.ActiveCfg = Debug|Any CPU
		{5C0671AE-0A5F-49FF-8ECE-52E18CBFDD22}.Debug|Any CPU.Build.0 = Debug|Any CPU
		{5C0671AE-0A5F-49FF-8ECE-52E18CBFDD22}.Release|Any CPU.ActiveCfg = Release|Any CPU
		{5C0671AE-0A5F-49FF-8ECE-52E18CBFDD22}.Release|Any CPU.Build.0 = Release|Any CPU
		{A1EFDA01-260B-49DE-8188-25BDD56545EA}.Debug|Any CPU.ActiveCfg = Debug|Any CPU
		{A1EFDA01-260B-49DE-8188-25BDD56545EA}.Debug|Any CPU.Build.0 = Debug|Any CPU
		{A1EFDA01-260B-49DE-8188-25BDD56545EA}.Release|Any CPU.ActiveCfg = Release|Any CPU
		{A1EFDA01-260B-49DE-8188-25BDD56545EA}.Release|Any CPU.Build.0 = Release|Any CPU
		{890EBD88-A0FD-4BFE-98EC-D6624221B750}.Debug|Any CPU.ActiveCfg = Debug|Any CPU
		{890EBD88-A0FD-4BFE-98EC-D6624221B750}.Debug|Any CPU.Build.0 = Debug|Any CPU
		{890EBD88-A0FD-4BFE-98EC-D6624221B750}.Release|Any CPU.ActiveCfg = Release|Any CPU
		{890EBD88-A0FD-4BFE-98EC-D6624221B750}.Release|Any CPU.Build.0 = Release|Any CPU
		{E7831709-82D4-4B25-8404-28BA08F3D70C}.Debug|Any CPU.ActiveCfg = Debug|Any CPU
		{E7831709-82D4-4B25-8404-28BA08F3D70C}.Debug|Any CPU.Build.0 = Debug|Any CPU
		{E7831709-82D4-4B25-8404-28BA08F3D70C}.Release|Any CPU.ActiveCfg = Release|Any CPU
		{E7831709-82D4-4B25-8404-28BA08F3D70C}.Release|Any CPU.Build.0 = Release|Any CPU
		{639BC4CC-87B5-4400-94A1-5777DEEF7454}.Debug|Any CPU.ActiveCfg = Debug|Any CPU
		{639BC4CC-87B5-4400-94A1-5777DEEF7454}.Debug|Any CPU.Build.0 = Debug|Any CPU
		{639BC4CC-87B5-4400-94A1-5777DEEF7454}.Release|Any CPU.ActiveCfg = Release|Any CPU
		{639BC4CC-87B5-4400-94A1-5777DEEF7454}.Release|Any CPU.Build.0 = Release|Any CPU
		{DABFF16B-BEBB-4D67-BCF0-167F61456749}.Debug|Any CPU.ActiveCfg = Debug|Any CPU
		{DABFF16B-BEBB-4D67-BCF0-167F61456749}.Debug|Any CPU.Build.0 = Debug|Any CPU
		{DABFF16B-BEBB-4D67-BCF0-167F61456749}.Release|Any CPU.ActiveCfg = Release|Any CPU
		{DABFF16B-BEBB-4D67-BCF0-167F61456749}.Release|Any CPU.Build.0 = Release|Any CPU
		{FFC4ED31-A340-42A6-BA6B-9B0B6CEC8E3B}.Debug|Any CPU.ActiveCfg = Debug|Any CPU
		{FFC4ED31-A340-42A6-BA6B-9B0B6CEC8E3B}.Debug|Any CPU.Build.0 = Debug|Any CPU
		{FFC4ED31-A340-42A6-BA6B-9B0B6CEC8E3B}.Release|Any CPU.ActiveCfg = Release|Any CPU
		{FFC4ED31-A340-42A6-BA6B-9B0B6CEC8E3B}.Release|Any CPU.Build.0 = Release|Any CPU
		{B5666001-E16A-4BE0-A15F-00DC70220998}.Debug|Any CPU.ActiveCfg = Debug|Any CPU
		{B5666001-E16A-4BE0-A15F-00DC70220998}.Debug|Any CPU.Build.0 = Debug|Any CPU
		{B5666001-E16A-4BE0-A15F-00DC70220998}.Release|Any CPU.ActiveCfg = Release|Any CPU
		{B5666001-E16A-4BE0-A15F-00DC70220998}.Release|Any CPU.Build.0 = Release|Any CPU
		{C8413D07-3CF4-4DDF-90F1-C5715281B72B}.Debug|Any CPU.ActiveCfg = Debug|Any CPU
		{C8413D07-3CF4-4DDF-90F1-C5715281B72B}.Debug|Any CPU.Build.0 = Debug|Any CPU
		{C8413D07-3CF4-4DDF-90F1-C5715281B72B}.Release|Any CPU.ActiveCfg = Release|Any CPU
		{C8413D07-3CF4-4DDF-90F1-C5715281B72B}.Release|Any CPU.Build.0 = Release|Any CPU
		{4C41DE0E-547B-4BFA-AAA2-E9A886BDE892}.Debug|Any CPU.ActiveCfg = Debug|Any CPU
		{4C41DE0E-547B-4BFA-AAA2-E9A886BDE892}.Debug|Any CPU.Build.0 = Debug|Any CPU
		{4C41DE0E-547B-4BFA-AAA2-E9A886BDE892}.Release|Any CPU.ActiveCfg = Release|Any CPU
		{4C41DE0E-547B-4BFA-AAA2-E9A886BDE892}.Release|Any CPU.Build.0 = Release|Any CPU
		{FE9E241F-140A-4B73-8E29-7219E2E61D2B}.Debug|Any CPU.ActiveCfg = Debug|Any CPU
		{FE9E241F-140A-4B73-8E29-7219E2E61D2B}.Debug|Any CPU.Build.0 = Debug|Any CPU
		{FE9E241F-140A-4B73-8E29-7219E2E61D2B}.Release|Any CPU.ActiveCfg = Release|Any CPU
		{FE9E241F-140A-4B73-8E29-7219E2E61D2B}.Release|Any CPU.Build.0 = Release|Any CPU
		{23E6FC73-637D-4E35-903E-030CC974826B}.Debug|Any CPU.ActiveCfg = Debug|Any CPU
		{23E6FC73-637D-4E35-903E-030CC974826B}.Debug|Any CPU.Build.0 = Debug|Any CPU
		{23E6FC73-637D-4E35-903E-030CC974826B}.Release|Any CPU.ActiveCfg = Release|Any CPU
		{23E6FC73-637D-4E35-903E-030CC974826B}.Release|Any CPU.Build.0 = Release|Any CPU
		{605C545E-A681-4594-B1F5-47E25CDD9CEB}.Debug|Any CPU.ActiveCfg = Debug|Any CPU
		{605C545E-A681-4594-B1F5-47E25CDD9CEB}.Debug|Any CPU.Build.0 = Debug|Any CPU
		{605C545E-A681-4594-B1F5-47E25CDD9CEB}.Release|Any CPU.ActiveCfg = Release|Any CPU
		{605C545E-A681-4594-B1F5-47E25CDD9CEB}.Release|Any CPU.Build.0 = Release|Any CPU
		{DC5BAA5F-A906-4ED8-B3A3-D4F48790C7C0}.Debug|Any CPU.ActiveCfg = Debug|Any CPU
		{DC5BAA5F-A906-4ED8-B3A3-D4F48790C7C0}.Debug|Any CPU.Build.0 = Debug|Any CPU
		{DC5BAA5F-A906-4ED8-B3A3-D4F48790C7C0}.Release|Any CPU.ActiveCfg = Release|Any CPU
		{DC5BAA5F-A906-4ED8-B3A3-D4F48790C7C0}.Release|Any CPU.Build.0 = Release|Any CPU
		{57B810CC-C783-4402-9937-3061772E42FC}.Debug|Any CPU.ActiveCfg = Debug|Any CPU
		{57B810CC-C783-4402-9937-3061772E42FC}.Debug|Any CPU.Build.0 = Debug|Any CPU
		{57B810CC-C783-4402-9937-3061772E42FC}.Release|Any CPU.ActiveCfg = Release|Any CPU
		{57B810CC-C783-4402-9937-3061772E42FC}.Release|Any CPU.Build.0 = Release|Any CPU
		{7D76791C-6A73-47DB-89E1-0EF1033CC58C}.Debug|Any CPU.ActiveCfg = Debug|Any CPU
		{7D76791C-6A73-47DB-89E1-0EF1033CC58C}.Debug|Any CPU.Build.0 = Debug|Any CPU
		{7D76791C-6A73-47DB-89E1-0EF1033CC58C}.Release|Any CPU.ActiveCfg = Release|Any CPU
		{7D76791C-6A73-47DB-89E1-0EF1033CC58C}.Release|Any CPU.Build.0 = Release|Any CPU
		{FBA88BCA-A40D-4E0B-99AD-1B0BB2284F7C}.Debug|Any CPU.ActiveCfg = Debug|Any CPU
		{FBA88BCA-A40D-4E0B-99AD-1B0BB2284F7C}.Debug|Any CPU.Build.0 = Debug|Any CPU
		{FBA88BCA-A40D-4E0B-99AD-1B0BB2284F7C}.Release|Any CPU.ActiveCfg = Release|Any CPU
		{FBA88BCA-A40D-4E0B-99AD-1B0BB2284F7C}.Release|Any CPU.Build.0 = Release|Any CPU
		{B2BEE8E8-8E97-4D18-A05E-EC1FE66B6B00}.Debug|Any CPU.ActiveCfg = Debug|Any CPU
		{B2BEE8E8-8E97-4D18-A05E-EC1FE66B6B00}.Debug|Any CPU.Build.0 = Debug|Any CPU
		{B2BEE8E8-8E97-4D18-A05E-EC1FE66B6B00}.Release|Any CPU.ActiveCfg = Release|Any CPU
		{B2BEE8E8-8E97-4D18-A05E-EC1FE66B6B00}.Release|Any CPU.Build.0 = Release|Any CPU
		{646AC37B-2260-4618-BF62-A66A29FB5D7F}.Debug|Any CPU.ActiveCfg = Debug|Any CPU
		{646AC37B-2260-4618-BF62-A66A29FB5D7F}.Debug|Any CPU.Build.0 = Debug|Any CPU
		{646AC37B-2260-4618-BF62-A66A29FB5D7F}.Release|Any CPU.ActiveCfg = Release|Any CPU
		{646AC37B-2260-4618-BF62-A66A29FB5D7F}.Release|Any CPU.Build.0 = Release|Any CPU
		{52D45905-300B-45A5-BED6-E2DF2F84D45F}.Debug|Any CPU.ActiveCfg = Debug|Any CPU
		{52D45905-300B-45A5-BED6-E2DF2F84D45F}.Debug|Any CPU.Build.0 = Debug|Any CPU
		{52D45905-300B-45A5-BED6-E2DF2F84D45F}.Release|Any CPU.ActiveCfg = Release|Any CPU
		{52D45905-300B-45A5-BED6-E2DF2F84D45F}.Release|Any CPU.Build.0 = Release|Any CPU
	EndGlobalSection
	GlobalSection(SolutionProperties) = preSolution
		HideSolutionNode = FALSE
	EndGlobalSection
	GlobalSection(NestedProjects) = preSolution
		{142B5DCC-F90C-4E95-ADB5-7CD9ACD6B96C} = {D757F136-44FF-42B6-8C26-57B22C9AE764}
		{8391FEB7-CB40-4D76-A925-50018A7DA45E} = {D757F136-44FF-42B6-8C26-57B22C9AE764}
		{1F48EE25-A62C-4FF5-A2B3-F84062D8575C} = {D757F136-44FF-42B6-8C26-57B22C9AE764}
		{AF2A751D-CB0B-4FD3-AD6E-C7CDD164BE48} = {D757F136-44FF-42B6-8C26-57B22C9AE764}
		{65AF619F-481F-4E5D-AFE2-3B0A1D16DC62} = {D757F136-44FF-42B6-8C26-57B22C9AE764}
		{1044D741-2632-4037-926F-BA86499D625A} = {D757F136-44FF-42B6-8C26-57B22C9AE764}
		{6132BFA6-2B72-41F7-9EE9-C9666BF10658} = {D757F136-44FF-42B6-8C26-57B22C9AE764}
		{C04F0EC1-1E08-4EE0-A36C-250236EE2BE9} = {D757F136-44FF-42B6-8C26-57B22C9AE764}
		{EFCA2F1B-F535-42C7-BC76-3DE6FAFA78AE} = {D757F136-44FF-42B6-8C26-57B22C9AE764}
		{A5901C9A-D58F-44C9-AC8D-D6585825E638} = {D757F136-44FF-42B6-8C26-57B22C9AE764}
		{94B60570-5A3E-4DD7-A342-94716CC58DEC} = {D757F136-44FF-42B6-8C26-57B22C9AE764}
		{DB27B518-7EB0-44C3-A691-FCEE93598F9D} = {D757F136-44FF-42B6-8C26-57B22C9AE764}
		{B07CBD4F-3DC7-4D38-B7EF-B5A31CEF9D43} = {6766D886-DCD7-467B-BA2F-61EA8937F288}
		{47A09FAD-2230-464D-98A3-DFBCEBDBABF7} = {6766D886-DCD7-467B-BA2F-61EA8937F288}
		{1B0D0FD8-28B7-4279-B219-D504FCB5EC7A} = {6766D886-DCD7-467B-BA2F-61EA8937F288}
		{2883EA02-94CF-4105-88E5-650CDDE4CF29} = {6766D886-DCD7-467B-BA2F-61EA8937F288}
		{6A8BB318-D7D2-41E0-AD26-2604C6A26D14} = {6766D886-DCD7-467B-BA2F-61EA8937F288}
		{CD58BFEE-AEC1-45D0-8E17-68D503985131} = {6766D886-DCD7-467B-BA2F-61EA8937F288}
		{EC005E9F-9D1F-4D0E-9937-59C76466CE97} = {6766D886-DCD7-467B-BA2F-61EA8937F288}
		{8BF83562-834F-4CE4-A44A-357E3A5F3404} = {6766D886-DCD7-467B-BA2F-61EA8937F288}
		{395BE407-8FC9-4D35-B9B9-37F13759AC66} = {6766D886-DCD7-467B-BA2F-61EA8937F288}
		{61323E62-BD91-4A09-94C9-56CA0AC9A466} = {6766D886-DCD7-467B-BA2F-61EA8937F288}
		{BD8F99EF-5C86-47F1-B17A-C826325F4C5A} = {6766D886-DCD7-467B-BA2F-61EA8937F288}
		{6B9EDE2D-9BC2-4335-9618-1FA9E80100B7} = {6766D886-DCD7-467B-BA2F-61EA8937F288}
		{3F11AE98-8119-45AC-89B7-CB3EAD6739D5} = {6766D886-DCD7-467B-BA2F-61EA8937F288}
		{10EA7FDD-B805-48A0-93B9-33DF4F33E9E6} = {6766D886-DCD7-467B-BA2F-61EA8937F288}
		{DC8D4E69-E563-4807-B080-5E13483ECFCC} = {6766D886-DCD7-467B-BA2F-61EA8937F288}
		{9E3D548D-322E-495E-BCF5-74CB6F39264C} = {6766D886-DCD7-467B-BA2F-61EA8937F288}
		{C9908A80-87A9-4C8E-B67C-980C67929DF3} = {6766D886-DCD7-467B-BA2F-61EA8937F288}
		{569457E9-98A7-4D51-831B-3EFDC8B3B810} = {6766D886-DCD7-467B-BA2F-61EA8937F288}
		{951637E7-292A-4769-BAA9-ABA51D9944E8} = {6766D886-DCD7-467B-BA2F-61EA8937F288}
		{E3D904FE-C031-4A30-BBE0-17383FFF58A0} = {6766D886-DCD7-467B-BA2F-61EA8937F288}
		{25C88D2A-DD67-4604-B612-5B8D04365B0A} = {6766D886-DCD7-467B-BA2F-61EA8937F288}
		{ACAE4C10-1502-42D7-886A-47333B9E4852} = {6766D886-DCD7-467B-BA2F-61EA8937F288}
		{646C3109-C8E9-469F-B2DF-578C46C50CC6} = {6766D886-DCD7-467B-BA2F-61EA8937F288}
		{A67B643E-5012-423F-BF4E-1BF24E312B0C} = {6766D886-DCD7-467B-BA2F-61EA8937F288}
		{9517DA7D-7A36-4370-8DEA-6CCC8B32D1B3} = {6766D886-DCD7-467B-BA2F-61EA8937F288}
		{A45D2C85-9011-4E07-B415-1C201BBBB326} = {6766D886-DCD7-467B-BA2F-61EA8937F288}
		{54ED9692-91CB-4054-BD18-E918C23DFD09} = {6766D886-DCD7-467B-BA2F-61EA8937F288}
		{FE5FA853-D2AE-4CE4-8C69-A9556144A754} = {6766D886-DCD7-467B-BA2F-61EA8937F288}
		{8F922254-0C65-451B-AAD5-F4F2FD3155DF} = {6766D886-DCD7-467B-BA2F-61EA8937F288}
		{DFF13036-E917-43CB-AEEF-E3A55B6D96B2} = {6766D886-DCD7-467B-BA2F-61EA8937F288}
		{1B2B14CD-BD33-4A9C-B6E7-64818ACF5134} = {6766D886-DCD7-467B-BA2F-61EA8937F288}
		{D41F9893-CA68-41B7-BB10-69251703B255} = {6766D886-DCD7-467B-BA2F-61EA8937F288}
		{F544F174-B2BF-4CBF-B5DC-4ECDA3EE0352} = {6766D886-DCD7-467B-BA2F-61EA8937F288}
		{F3D86FF5-63A1-42A2-88FA-54C6C0830D5E} = {6766D886-DCD7-467B-BA2F-61EA8937F288}
		{D3C8CBCF-0C60-458A-B0A0-B4A462ED4301} = {6766D886-DCD7-467B-BA2F-61EA8937F288}
		{2C45A627-33E3-4986-8B74-D1ADAFA672AF} = {6766D886-DCD7-467B-BA2F-61EA8937F288}
		{5A01B12F-D290-4554-9730-4EA501E081CF} = {6766D886-DCD7-467B-BA2F-61EA8937F288}
		{0743F875-C02A-46DB-8751-1561BE0D5C8A} = {6766D886-DCD7-467B-BA2F-61EA8937F288}
		{4E1CAAB5-8749-4CF3-9A49-C8F624C1ED6D} = {6766D886-DCD7-467B-BA2F-61EA8937F288}
		{00988B5C-A316-44A2-90CC-E1A990E65B6F} = {6766D886-DCD7-467B-BA2F-61EA8937F288}
		{D7544D74-CCC6-43F1-8092-4B7DE863FFD2} = {6766D886-DCD7-467B-BA2F-61EA8937F288}
		{5E11541A-2030-4AE3-943A-B448F328C570} = {6766D886-DCD7-467B-BA2F-61EA8937F288}
		{002531F0-019C-411E-985C-48BD6894C979} = {6766D886-DCD7-467B-BA2F-61EA8937F288}
		{8270E7A9-FD90-47A5-A108-42B45B082F19} = {D757F136-44FF-42B6-8C26-57B22C9AE764}
		{E2500CB6-5B06-4D47-92A9-82FBD06DFC87} = {D757F136-44FF-42B6-8C26-57B22C9AE764}
		{D3F64F57-0E25-4DFC-BDB0-E429E295FA9D} = {6766D886-DCD7-467B-BA2F-61EA8937F288}
		{74CC2973-AA1E-4635-8266-81550E4B910D} = {390F69F4-19DA-4F60-876F-7878A11A16BB}
		{EDBDE09F-1C8D-4DD5-82AF-E8DFBD88FA56} = {AA406F20-EB39-4C46-9A58-F4D466BAAF3D}
		{713AC89C-38A4-4D93-AC2C-7A2964049C97} = {6766D886-DCD7-467B-BA2F-61EA8937F288}
		{ECAE2099-6FA9-48B2-91EE-FC135B43D483} = {6766D886-DCD7-467B-BA2F-61EA8937F288}
		{7A49D286-70B9-4048-8E9C-3786E5D9C500} = {6766D886-DCD7-467B-BA2F-61EA8937F288}
		{9ECBE11B-9967-451F-B8B8-302002697297} = {2345168A-DF86-420F-9653-876216E46ABA}
		{5C59F0FF-6DC7-47DD-8B99-3CD2003AD882} = {6766D886-DCD7-467B-BA2F-61EA8937F288}
		{95B0B27F-6661-45DB-BA7D-B2C330B4DBE4} = {6766D886-DCD7-467B-BA2F-61EA8937F288}
		{93152C77-D372-464E-86FF-23003D9839E0} = {758EDF42-C484-4E0C-88D2-1B2E63285CD2}
		{9DA69968-6FF8-49C1-9177-131B095E4072} = {6766D886-DCD7-467B-BA2F-61EA8937F288}
		{F34BC46C-252B-493B-8CDC-4739D5E2A50A} = {6766D886-DCD7-467B-BA2F-61EA8937F288}
		{2EB34C29-29B6-480C-9ABB-8EFACA33DA9F} = {6766D886-DCD7-467B-BA2F-61EA8937F288}
		{871A2986-BC10-4F88-B458-6FE84396A850} = {7C9F11AC-428F-4727-83AE-7A57B7AAD0DF}
		{FE8D1957-5EAD-4643-B56D-54B4547C6383} = {6766D886-DCD7-467B-BA2F-61EA8937F288}
		{59E0860B-064C-4727-A0A8-44675F2C0A0B} = {6766D886-DCD7-467B-BA2F-61EA8937F288}
		{515E3379-35B5-4418-BF8F-DBD36E84CB75} = {6766D886-DCD7-467B-BA2F-61EA8937F288}
		{8B2F50EF-844F-4594-8702-868904925203} = {6766D886-DCD7-467B-BA2F-61EA8937F288}
		{28B4E91E-CD57-4326-814F-76420B0A2E9F} = {6766D886-DCD7-467B-BA2F-61EA8937F288}
		{BDE305C4-AB2A-4D35-B294-635DE36E8EB9} = {6766D886-DCD7-467B-BA2F-61EA8937F288}
		{5C0671AE-0A5F-49FF-8ECE-52E18CBFDD22} = {A37DAD79-57BC-4205-AD68-390EF9A7B4AC}
		{A1EFDA01-260B-49DE-8188-25BDD56545EA} = {A37DAD79-57BC-4205-AD68-390EF9A7B4AC}
		{890EBD88-A0FD-4BFE-98EC-D6624221B750} = {A37DAD79-57BC-4205-AD68-390EF9A7B4AC}
		{E7831709-82D4-4B25-8404-28BA08F3D70C} = {6766D886-DCD7-467B-BA2F-61EA8937F288}
		{639BC4CC-87B5-4400-94A1-5777DEEF7454} = {6766D886-DCD7-467B-BA2F-61EA8937F288}
		{DABFF16B-BEBB-4D67-BCF0-167F61456749} = {390F69F4-19DA-4F60-876F-7878A11A16BB}
		{FFC4ED31-A340-42A6-BA6B-9B0B6CEC8E3B} = {390F69F4-19DA-4F60-876F-7878A11A16BB}
		{B5666001-E16A-4BE0-A15F-00DC70220998} = {EA8BB3BB-2126-47D9-A455-5CD6DE180405}
		{C8413D07-3CF4-4DDF-90F1-C5715281B72B} = {D757F136-44FF-42B6-8C26-57B22C9AE764}
		{4C41DE0E-547B-4BFA-AAA2-E9A886BDE892} = {357DD255-6CB9-4CA1-B7FD-9DF004C0A7C6}
		{FE9E241F-140A-4B73-8E29-7219E2E61D2B} = {D757F136-44FF-42B6-8C26-57B22C9AE764}
		{23E6FC73-637D-4E35-903E-030CC974826B} = {758EDF42-C484-4E0C-88D2-1B2E63285CD2}
		{605C545E-A681-4594-B1F5-47E25CDD9CEB} = {154644D5-DD9B-49F0-BD11-ECE7A3876451}
		{EEA0CEF7-91BF-4D22-BC39-87F2F690BB75} = {6A886B36-E097-4BA4-8702-8B6A101B0158}
		{DC5BAA5F-A906-4ED8-B3A3-D4F48790C7C0} = {EEA0CEF7-91BF-4D22-BC39-87F2F690BB75}
		{57B810CC-C783-4402-9937-3061772E42FC} = {EEA0CEF7-91BF-4D22-BC39-87F2F690BB75}
		{7D76791C-6A73-47DB-89E1-0EF1033CC58C} = {7C9F11AC-428F-4727-83AE-7A57B7AAD0DF}
		{FBA88BCA-A40D-4E0B-99AD-1B0BB2284F7C} = {D757F136-44FF-42B6-8C26-57B22C9AE764}
		{B2BEE8E8-8E97-4D18-A05E-EC1FE66B6B00} = {7C9F11AC-428F-4727-83AE-7A57B7AAD0DF}
		{52D45905-300B-45A5-BED6-E2DF2F84D45F} = {EA8BB3BB-2126-47D9-A455-5CD6DE180405}
	EndGlobalSection
	GlobalSection(ExtensibilityGlobals) = postSolution
		SolutionGuid = {0E9113EE-47FB-4003-98D6-28D3DE7C9817}
	EndGlobalSection
EndGlobal
