
Microsoft Visual Studio Solution File, Format Version 12.00
# Visual Studio Version 16
VisualStudioVersion = 16.0.30804.86
MinimumVisualStudioVersion = 10.0.40219.1
Project("{FAE04EC0-301F-11D3-BF4B-00C04F79EFBC}") = "CodeBlog", "CodeBlog\CodeBlog.csproj", "{89797800-04FE-4A71-A113-673C9A7D81AF}"
EndProject
Global
	GlobalSection(SolutionConfigurationPlatforms) = preSolution
		Debug|Any CPU = Debug|Any CPU
		Release|Any CPU = Release|Any CPU
	EndGlobalSection
	GlobalSection(ProjectConfigurationPlatforms) = postSolution
		{89797800-04FE-4A71-A113-673C9A7D81AF}.Debug|Any CPU.ActiveCfg = Debug|Any CPU
		{89797800-04FE-4A71-A113-673C9A7D81AF}.Debug|Any CPU.Build.0 = Debug|Any CPU
		{89797800-04FE-4A71-A113-673C9A7D81AF}.Release|Any CPU.ActiveCfg = Release|Any CPU
		{89797800-04FE-4A71-A113-673C9A7D81AF}.Release|Any CPU.Build.0 = Release|Any CPU
	EndGlobalSection
	GlobalSection(SolutionProperties) = preSolution
		HideSolutionNode = FALSE
	EndGlobalSection
	GlobalSection(ExtensibilityGlobals) = postSolution
		SolutionGuid = {0E9113EE-47FB-4003-98D6-28D3DE7C9817}
	EndGlobalSection
EndGlobal
